PODS:
  - Realm (1.1.0):
    - Realm/Headers (= 1.1.0)
  - Realm/Headers (1.1.0)
  - RealmSwift (1.1.0):
    - Realm (= 1.1.0)
  - Toast-Swift (1.4.0)

DEPENDENCIES:
  - RealmSwift (from `https://github.com/realm/realm-cocoa.git`, branch `master`)
  - Toast-Swift

EXTERNAL SOURCES:
  RealmSwift:
    :branch: master
    :git: https://github.com/realm/realm-cocoa.git
    :submodules: true

CHECKOUT OPTIONS:
  RealmSwift:
    :commit: 62cf723ed69b7646cab12717e28a32f07ba029d3
    :git: https://github.com/realm/realm-cocoa.git

SPEC CHECKSUMS:
  Realm: ceecf1a4540c4ce9efe196fe73fa9855bce05bd8
  RealmSwift: 838058b2db95b12cb86bd0cf209df642c33fb60a
  Toast-Swift: aa9f0120aa6f0b6186a1e7fce2797571be34d857

COCOAPODS: 0.39.0
