PODS:
  - Realm (2.0.2):
    - Realm/Headers (= 2.0.2)
  - Realm/Headers (2.0.2)
  - RealmSwift (2.0.2):
    - Realm (= 2.0.2)
  - Toast-Swift (1.4.0)

DEPENDENCIES:
  - RealmSwift
  - Toast-Swift

SPEC CHECKSUMS:
  Realm: 0f5a194af0b7e6158b83db41b4ee1a00be7ddf1a
  RealmSwift: 0eb5070d851cba7c66e841ca756d83609dc78bc8
  Toast-Swift: aa9f0120aa6f0b6186a1e7fce2797571be34d857

PODFILE CHECKSUM: c5049b5b396659ed88a8cfbb0f1de6c90ed00323

COCOAPODS: 1.0.1
