// !$*UTF8*$!
{
	archiveVersion = 1;
	classes = {
	};
	objectVersion = 46;
	objects = {

/* Begin PBXBuildFile section */
		320874C71D94CD5000240A56 /* ヒラギノ角ゴシック_W4.ttc in Resources */ = {isa = PBXBuildFile; fileRef = 320874C61D94CD5000240A56 /* ヒラギノ角ゴシック_W4.ttc */; };
		320874CD1D9512A400240A56 /* ic_settings@2x.png in Resources */ = {isa = PBXBuildFile; fileRef = 320874CC1D9512A400240A56 /* ic_settings@2x.png */; };
		320874D11D9513E400240A56 /* ic_home@2x.png in Resources */ = {isa = PBXBuildFile; fileRef = 320874CE1D9513E400240A56 /* ic_home@2x.png */; };
		320874D21D9513E400240A56 /* ic_lock@2x.png in Resources */ = {isa = PBXBuildFile; fileRef = 320874CF1D9513E400240A56 /* ic_lock@2x.png */; };
		320874D31D9513E500240A56 /* ic_unlock@2x.png in Resources */ = {isa = PBXBuildFile; fileRef = 320874D01D9513E400240A56 /* ic_unlock@2x.png */; };
		320874D51D9514EB00240A56 /* ic_share@2x.png in Resources */ = {isa = PBXBuildFile; fileRef = 320874D41D9514EB00240A56 /* ic_share@2x.png */; };
		320874D71D95175100240A56 /* SettingTableViewController.swift in Sources */ = {isa = PBXBuildFile; fileRef = 320874D61D95175100240A56 /* SettingTableViewController.swift */; };
		320874D91D951DD600240A56 /* ic_copyright@2x.png in Resources */ = {isa = PBXBuildFile; fileRef = 320874D81D951DD600240A56 /* ic_copyright@2x.png */; };
		320C28591D9173510064DBC5 /* PDFViewController.swift in Sources */ = {isa = PBXBuildFile; fileRef = 320C28581D9173510064DBC5 /* PDFViewController.swift */; };
		3219E8C71D922549009A3C66 /* UserDefaultSupport.swift in Sources */ = {isa = PBXBuildFile; fileRef = 3219E8C61D922549009A3C66 /* UserDefaultSupport.swift */; };
		3219E8C91D923A70009A3C66 /* ShelterItem.swift in Sources */ = {isa = PBXBuildFile; fileRef = 3219E8C81D923A70009A3C66 /* ShelterItem.swift */; };
		3219E8CB1D923D7E009A3C66 /* ShelterItemTableViewController.swift in Sources */ = {isa = PBXBuildFile; fileRef = 3219E8CA1D923D7E009A3C66 /* ShelterItemTableViewController.swift */; };
		324A14731D9B463200E3592C /* ExtraCellView.xib in Resources */ = {isa = PBXBuildFile; fileRef = 324A14721D9B463200E3592C /* ExtraCellView.xib */; };
		324A14751D9B47CF00E3592C /* ExtraCellView.swift in Sources */ = {isa = PBXBuildFile; fileRef = 324A14741D9B47CF00E3592C /* ExtraCellView.swift */; };
		324A14771D9B48BE00E3592C /* ExtraContentsItem.swift in Sources */ = {isa = PBXBuildFile; fileRef = 324A14761D9B48BE00E3592C /* ExtraContentsItem.swift */; };
		324A14791D9B4B3C00E3592C /* ExtraContentsViewController.swift in Sources */ = {isa = PBXBuildFile; fileRef = 324A14781D9B4B3C00E3592C /* ExtraContentsViewController.swift */; };
		324A147B1D9B737700E3592C /* DoyurinTableViewController.swift in Sources */ = {isa = PBXBuildFile; fileRef = 324A147A1D9B737700E3592C /* DoyurinTableViewController.swift */; };
		324A147D1D9B786200E3592C /* DoyurinItem.swift in Sources */ = {isa = PBXBuildFile; fileRef = 324A147C1D9B786200E3592C /* DoyurinItem.swift */; };
		324A147F1D9B7DBB00E3592C /* noimage@2x.jpg in Resources */ = {isa = PBXBuildFile; fileRef = 324A147E1D9B7DBB00E3592C /* noimage@2x.jpg */; };
		324A14811D9B803600E3592C /* ic_info@2x.png in Resources */ = {isa = PBXBuildFile; fileRef = 324A14801D9B803600E3592C /* ic_info@2x.png */; };
		324A14831D9B894700E3592C /* ic_user@2x.png in Resources */ = {isa = PBXBuildFile; fileRef = 324A14821D9B894700E3592C /* ic_user@2x.png */; };
		325162DD1D8A796E0031E836 /* MedicalPack.swift in Sources */ = {isa = PBXBuildFile; fileRef = 325162DC1D8A796E0031E836 /* MedicalPack.swift */; };
		325162DF1D8A7ADD0031E836 /* ResourcePack.swift in Sources */ = {isa = PBXBuildFile; fileRef = 325162DE1D8A7ADD0031E836 /* ResourcePack.swift */; };
		325162E11D8A7AF50031E836 /* AdminPack.swift in Sources */ = {isa = PBXBuildFile; fileRef = 325162E01D8A7AF50031E836 /* AdminPack.swift */; };
		325162E31D8A7C2F0031E836 /* ChildcarePack.swift in Sources */ = {isa = PBXBuildFile; fileRef = 325162E21D8A7C2F0031E836 /* ChildcarePack.swift */; };
		325162E51D8A7C450031E836 /* NursingPack.swift in Sources */ = {isa = PBXBuildFile; fileRef = 325162E41D8A7C450031E836 /* NursingPack.swift */; };
		325162E71D8A7C620031E836 /* DisasterPack.swift in Sources */ = {isa = PBXBuildFile; fileRef = 325162E61D8A7C620031E836 /* DisasterPack.swift */; };
		325162E91D8A7C8A0031E836 /* Pack.swift in Sources */ = {isa = PBXBuildFile; fileRef = 325162E81D8A7C8A0031E836 /* Pack.swift */; };
		325162EF1D8A9AD30031E836 /* ContentsItem.swift in Sources */ = {isa = PBXBuildFile; fileRef = 325162EE1D8A9AD30031E836 /* ContentsItem.swift */; };
		325162F71D8AA3FD0031E836 /* MapViewController.swift in Sources */ = {isa = PBXBuildFile; fileRef = 325162F61D8AA3FD0031E836 /* MapViewController.swift */; };
		3253A1141D8B95E00081B1C2 /* AppDelegate.m in Sources */ = {isa = PBXBuildFile; fileRef = 3253A1131D8B95E00081B1C2 /* AppDelegate.m */; };
		3253A1161D8B96300081B1C2 /* main.m in Sources */ = {isa = PBXBuildFile; fileRef = 3253A1151D8B96300081B1C2 /* main.m */; };
		3253A11D1D8BAB590081B1C2 /* TabBarController.swift in Sources */ = {isa = PBXBuildFile; fileRef = 3253A11C1D8BAB590081B1C2 /* TabBarController.swift */; };
		325409331D9101E20022A20E /* UIImage(resize).swift in Sources */ = {isa = PBXBuildFile; fileRef = 325409321D9101E20022A20E /* UIImage(resize).swift */; };
		3254093A1D910F3E0022A20E /* ic_map@2x.png in Resources */ = {isa = PBXBuildFile; fileRef = 325409381D910F3E0022A20E /* ic_map@2x.png */; };
		3254093B1D910F3E0022A20E /* ic_pdf@2x.png in Resources */ = {isa = PBXBuildFile; fileRef = 325409391D910F3E0022A20E /* ic_pdf@2x.png */; };
		3254093D1D9112EA0022A20E /* SapporoMedical.swift in Sources */ = {isa = PBXBuildFile; fileRef = 3254093C1D9112EA0022A20E /* SapporoMedical.swift */; };
		325409411D91169B0022A20E /* CSVParser.swift in Sources */ = {isa = PBXBuildFile; fileRef = 325409401D91169B0022A20E /* CSVParser.swift */; };
		325409431D9134A60022A20E /* ic_link@2x.png in Resources */ = {isa = PBXBuildFile; fileRef = 325409421D9134A60022A20E /* ic_link@2x.png */; };
		3257AB911D829D8D0036E6E8 /* HomeViewController.swift in Sources */ = {isa = PBXBuildFile; fileRef = 3257AB901D829D8D0036E6E8 /* HomeViewController.swift */; };
		3257AB951D82A8BC0036E6E8 /* MapKit.framework in Frameworks */ = {isa = PBXBuildFile; fileRef = 3257AB941D82A8BC0036E6E8 /* MapKit.framework */; };
		3257AB9B1D82ADF10036E6E8 /* CoreFoundation.framework in Frameworks */ = {isa = PBXBuildFile; fileRef = 3257AB9A1D82ADF10036E6E8 /* CoreFoundation.framework */; };
		326383C81D87D1F400DED761 /* ContentsTableViewController.swift in Sources */ = {isa = PBXBuildFile; fileRef = 326383C71D87D1F400DED761 /* ContentsTableViewController.swift */; };
		326383CA1D87DE8800DED761 /* Accounts.framework in Frameworks */ = {isa = PBXBuildFile; fileRef = 326383C91D87DE8800DED761 /* Accounts.framework */; };
		326383CC1D87DE9000DED761 /* Social.framework in Frameworks */ = {isa = PBXBuildFile; fileRef = 326383CB1D87DE9000DED761 /* Social.framework */; };
		327133451DA5D7A2006DF9DE /* SeniorVaccination.swift in Sources */ = {isa = PBXBuildFile; fileRef = 327133441DA5D7A2006DF9DE /* SeniorVaccination.swift */; };
		328A9B5A1D992B12006203D6 /* ic_copyright_black@2x.png in Resources */ = {isa = PBXBuildFile; fileRef = 328A9B591D992B12006203D6 /* ic_copyright_black@2x.png */; };
		328A9B741D99315D006203D6 /* ExtraPack.swift in Sources */ = {isa = PBXBuildFile; fileRef = 328A9B731D99315D006203D6 /* ExtraPack.swift */; };
		32A52A511D9E221F0043403B /* 201_01_ごみ分けガイド表紙・裏表紙（問合わせ先一覧）.pdf in Resources */ = {isa = PBXBuildFile; fileRef = 32A52A3E1D9E221F0043403B /* 201_01_ごみ分けガイド表紙・裏表紙（問合わせ先一覧）.pdf */; };
		32A52A521D9E221F0043403B /* 201_02_【特集】ごみを減らす。未来を創造する。.pdf in Resources */ = {isa = PBXBuildFile; fileRef = 32A52A3F1D9E221F0043403B /* 201_02_【特集】ごみを減らす。未来を創造する。.pdf */; };
		32A52A531D9E221F0043403B /* 201_03_資源とごみの分け方・出し方一覧.pdf in Resources */ = {isa = PBXBuildFile; fileRef = 32A52A401D9E221F0043403B /* 201_03_資源とごみの分け方・出し方一覧.pdf */; };
		32A52A541D9E221F0043403B /* 201_04_指定ごみ袋まるわかり解説／排出ルール.pdf in Resources */ = {isa = PBXBuildFile; fileRef = 32A52A411D9E221F0043403B /* 201_04_指定ごみ袋まるわかり解説／排出ルール.pdf */; };
		32A52A551D9E221F0043403B /* 201_05_燃やせるごみ（有料）週2回.pdf in Resources */ = {isa = PBXBuildFile; fileRef = 32A52A421D9E221F0043403B /* 201_05_燃やせるごみ（有料）週2回.pdf */; };
		32A52A561D9E221F0043403B /* 201_06_燃やせないごみ（有料）4週1回.pdf in Resources */ = {isa = PBXBuildFile; fileRef = 32A52A431D9E221F0043403B /* 201_06_燃やせないごみ（有料）4週1回.pdf */; };
		32A52A571D9E221F0043403B /* 201_07_容器包装プラスチック（無料）週1回.pdf in Resources */ = {isa = PBXBuildFile; fileRef = 32A52A441D9E221F0043403B /* 201_07_容器包装プラスチック（無料）週1回.pdf */; };
		32A52A581D9E221F0043403B /* 201_08_びん・缶・ペットボトル（無料）週1回／枝・葉・草（無料）.pdf in Resources */ = {isa = PBXBuildFile; fileRef = 32A52A451D9E221F0043403B /* 201_08_びん・缶・ペットボトル（無料）週1回／枝・葉・草（無料）.pdf */; };
		32A52A591D9E221F0043403B /* 201_09_雑がみ（無料）2週1回.pdf in Resources */ = {isa = PBXBuildFile; fileRef = 32A52A461D9E221F0043403B /* 201_09_雑がみ（無料）2週1回.pdf */; };
		32A52A5A1D9E221F0043403B /* 201_10_大型ごみ（有料）週1回.pdf in Resources */ = {isa = PBXBuildFile; fileRef = 32A52A471D9E221F0043403B /* 201_10_大型ごみ（有料）週1回.pdf */; };
		32A52A5B1D9E221F0043403B /* 201_11_大型ごみの申込方法と手順／主な大型ごみの処理手数料.pdf in Resources */ = {isa = PBXBuildFile; fileRef = 32A52A481D9E221F0043403B /* 201_11_大型ごみの申込方法と手順／主な大型ごみの処理手数料.pdf */; };
		32A52A5C1D9E221F0043403B /* 201_12_集団資源回収／資源物の回収拠点.pdf in Resources */ = {isa = PBXBuildFile; fileRef = 32A52A491D9E221F0043403B /* 201_12_集団資源回収／資源物の回収拠点.pdf */; };
		32A52A5D1D9E221F0043403B /* 201_13_小型家電リサイクル地区リサイクルセンター／家庭系古紙引取案内.pdf in Resources */ = {isa = PBXBuildFile; fileRef = 32A52A4A1D9E221F0043403B /* 201_13_小型家電リサイクル地区リサイクルセンター／家庭系古紙引取案内.pdf */; };
		32A52A5E1D9E221F0043403B /* 201_14_生ごみリサイクル／さわやか収集／ライターのガスの抜き方.pdf in Resources */ = {isa = PBXBuildFile; fileRef = 32A52A4B1D9E221F0043403B /* 201_14_生ごみリサイクル／さわやか収集／ライターのガスの抜き方.pdf */; };
		32A52A5F1D9E221F0043403B /* 201_15_資源のゆくえ（札幌市のリサイクル）.pdf in Resources */ = {isa = PBXBuildFile; fileRef = 32A52A4C1D9E221F0043403B /* 201_15_資源のゆくえ（札幌市のリサイクル）.pdf */; };
		32A52A601D9E221F0043403B /* 201_16_自己搬入（家庭ごみを自分で持ち込むこともできます）／市が収集しないもの(処理が困難なもの・危険物など).pdf in Resources */ = {isa = PBXBuildFile; fileRef = 32A52A4D1D9E221F0043403B /* 201_16_自己搬入（家庭ごみを自分で持ち込むこともできます）／市が収集しないもの(処理が困難なもの・危険物など).pdf */; };
		32A52A611D9E221F0043403B /* 201_17_市が収集しないもの(家電4品目・パソコン）.pdf in Resources */ = {isa = PBXBuildFile; fileRef = 32A52A4E1D9E221F0043403B /* 201_17_市が収集しないもの(家電4品目・パソコン）.pdf */; };
		32A52A621D9E221F0043403B /* 201_18_資源物の回収拠点一覧.pdf in Resources */ = {isa = PBXBuildFile; fileRef = 32A52A4F1D9E221F0043403B /* 201_18_資源物の回収拠点一覧.pdf */; };
		32A52A631D9E221F0043403B /* 201_19_資源とごみの分別辞典.pdf in Resources */ = {isa = PBXBuildFile; fileRef = 32A52A501D9E221F0043403B /* 201_19_資源とごみの分別辞典.pdf */; };
		32A52A671D9E223E0043403B /* garbage_chinese.pdf in Resources */ = {isa = PBXBuildFile; fileRef = 32A52A641D9E223E0043403B /* garbage_chinese.pdf */; };
		32A52A681D9E223E0043403B /* garbage_english.pdf in Resources */ = {isa = PBXBuildFile; fileRef = 32A52A651D9E223E0043403B /* garbage_english.pdf */; };
		32A52A691D9E223E0043403B /* garbage_korean.pdf in Resources */ = {isa = PBXBuildFile; fileRef = 32A52A661D9E223E0043403B /* garbage_korean.pdf */; };
		32A52A711D9E26AE0043403B /* 100_行政情報_区役所_区民センター.csv in Resources */ = {isa = PBXBuildFile; fileRef = 32A52A6A1D9E26AE0043403B /* 100_行政情報_区役所_区民センター.csv */; };
		32A52A721D9E26AE0043403B /* 101_行政情報_コミュニティ_地区センター_集会施設.csv in Resources */ = {isa = PBXBuildFile; fileRef = 32A52A6B1D9E26AE0043403B /* 101_行政情報_コミュニティ_地区センター_集会施設.csv */; };
		32A52A731D9E26AE0043403B /* 102_行政情報_まちづくり地区センター_地区会館.csv in Resources */ = {isa = PBXBuildFile; fileRef = 32A52A6C1D9E26AE0043403B /* 102_行政情報_まちづくり地区センター_地区会館.csv */; };
		32A52A741D9E26AE0043403B /* 103_行政情報_土木センター.csv in Resources */ = {isa = PBXBuildFile; fileRef = 32A52A6D1D9E26AE0043403B /* 103_行政情報_土木センター.csv */; };
		32A52A751D9E26AE0043403B /* 104_行政情報_保健センター.csv in Resources */ = {isa = PBXBuildFile; fileRef = 32A52A6E1D9E26AE0043403B /* 104_行政情報_保健センター.csv */; };
		32A52A771D9E26AE0043403B /* 106_行政情報_消防.csv in Resources */ = {isa = PBXBuildFile; fileRef = 32A52A701D9E26AE0043403B /* 106_行政情報_消防.csv */; };
		32A52A831D9E2BC60043403B /* 301_医療情報_高齢予防接種中央区.csv in Resources */ = {isa = PBXBuildFile; fileRef = 32A52A781D9E2BC60043403B /* 301_医療情報_高齢予防接種中央区.csv */; };
		32A52A841D9E2BC60043403B /* 302_医療情報_高齢予防接種北区.csv in Resources */ = {isa = PBXBuildFile; fileRef = 32A52A791D9E2BC60043403B /* 302_医療情報_高齢予防接種北区.csv */; };
		32A52A851D9E2BC60043403B /* 303_医療情報_高齢予防接種東区.csv in Resources */ = {isa = PBXBuildFile; fileRef = 32A52A7A1D9E2BC60043403B /* 303_医療情報_高齢予防接種東区.csv */; };
		32A52A861D9E2BC60043403B /* 304_医療情報_高齢予防接種白石区.csv in Resources */ = {isa = PBXBuildFile; fileRef = 32A52A7B1D9E2BC60043403B /* 304_医療情報_高齢予防接種白石区.csv */; };
		32A52A871D9E2BC60043403B /* 305_医療情報_高齢予防接種厚別区.csv in Resources */ = {isa = PBXBuildFile; fileRef = 32A52A7C1D9E2BC60043403B /* 305_医療情報_高齢予防接種厚別区.csv */; };
		32A52A881D9E2BC60043403B /* 306_医療情報_高齢予防接種豊平区.csv in Resources */ = {isa = PBXBuildFile; fileRef = 32A52A7D1D9E2BC60043403B /* 306_医療情報_高齢予防接種豊平区.csv */; };
		32A52A891D9E2BC60043403B /* 307_医療情報_高齢予防接種清田区.csv in Resources */ = {isa = PBXBuildFile; fileRef = 32A52A7E1D9E2BC60043403B /* 307_医療情報_高齢予防接種清田区.csv */; };
		32A52A8A1D9E2BC60043403B /* 308_医療情報_高齢予防接種南区.csv in Resources */ = {isa = PBXBuildFile; fileRef = 32A52A7F1D9E2BC60043403B /* 308_医療情報_高齢予防接種南区.csv */; };
		32A52A8B1D9E2BC60043403B /* 309_医療情報_高齢予防接種西区.csv in Resources */ = {isa = PBXBuildFile; fileRef = 32A52A801D9E2BC60043403B /* 309_医療情報_高齢予防接種西区.csv */; };
		32A52A8C1D9E2BC60043403B /* 310_医療情報_高齢予防接種手稲区.csv in Resources */ = {isa = PBXBuildFile; fileRef = 32A52A811D9E2BC60043403B /* 310_医療情報_高齢予防接種手稲区.csv */; };
		32A52A8D1D9E2BC60043403B /* 330_医療情報_病院.csv in Resources */ = {isa = PBXBuildFile; fileRef = 32A52A821D9E2BC60043403B /* 330_医療情報_病院.csv */; };
		32A52A921D9E33A30043403B /* 500_避難所_広域避難所.csv in Resources */ = {isa = PBXBuildFile; fileRef = 32A52A8E1D9E33A30043403B /* 500_避難所_広域避難所.csv */; };
		32A52A931D9E33A30043403B /* 501_避難所_基幹避難所.csv in Resources */ = {isa = PBXBuildFile; fileRef = 32A52A8F1D9E33A30043403B /* 501_避難所_基幹避難所.csv */; };
		32A52A941D9E33A30043403B /* 502_避難所_地域避難所.csv in Resources */ = {isa = PBXBuildFile; fileRef = 32A52A901D9E33A30043403B /* 502_避難所_地域避難所.csv */; };
		32A52A951D9E33A30043403B /* 505_防災_給水_調整前.csv in Resources */ = {isa = PBXBuildFile; fileRef = 32A52A911D9E33A30043403B /* 505_防災_給水_調整前.csv */; };
		32A52A971D9E33BB0043403B /* shelter_item.csv in Resources */ = {isa = PBXBuildFile; fileRef = 32A52A961D9E33BB0043403B /* shelter_item.csv */; };
		32A52A991D9E34D10043403B /* 700_介護_有料老人ホーム.csv in Resources */ = {isa = PBXBuildFile; fileRef = 32A52A981D9E34D10043403B /* 700_介護_有料老人ホーム.csv */; };
		32A52A9B1D9E35130043403B /* 600_育児_認可保育所.csv in Resources */ = {isa = PBXBuildFile; fileRef = 32A52A9A1D9E35130043403B /* 600_育児_認可保育所.csv */; };
		32A52AA01D9E353C0043403B /* 900_エクストラ_札幌交通機関.csv in Resources */ = {isa = PBXBuildFile; fileRef = 32A52A9C1D9E353C0043403B /* 900_エクストラ_札幌交通機関.csv */; };
		32A52AA11D9E353C0043403B /* 901_エクストラ_道有林語録.csv in Resources */ = {isa = PBXBuildFile; fileRef = 32A52A9D1D9E353C0043403B /* 901_エクストラ_道有林語録.csv */; };
		32A52AA21D9E353C0043403B /* 902_エクストラ_札幌市内スーパー銭湯.csv in Resources */ = {isa = PBXBuildFile; fileRef = 32A52A9E1D9E353C0043403B /* 902_エクストラ_札幌市内スーパー銭湯.csv */; };
		32A52AA31D9E353C0043403B /* 905_エクストラ_公園トイレ中央区.csv in Resources */ = {isa = PBXBuildFile; fileRef = 32A52A9F1D9E353C0043403B /* 905_エクストラ_公園トイレ中央区.csv */; };
		32A52AA51D9E4E970043403B /* RealmSupport.swift in Sources */ = {isa = PBXBuildFile; fileRef = 32A52AA41D9E4E970043403B /* RealmSupport.swift */; };
		32A7FDEC1D9DEEA700845EFF /* MapObjectTableViewController.swift in Sources */ = {isa = PBXBuildFile; fileRef = 32A7FDEB1D9DEEA700845EFF /* MapObjectTableViewController.swift */; };
		32BB23B71D8BD3DB00F8C7F5 /* MapObject.swift in Sources */ = {isa = PBXBuildFile; fileRef = 32BB23B61D8BD3DB00F8C7F5 /* MapObject.swift */; };
		32D155AF1D92576100327805 /* ic_list@2x.png in Resources */ = {isa = PBXBuildFile; fileRef = 32D155AE1D92576100327805 /* ic_list@2x.png */; };
		32D155B11D925FD800327805 /* ic_web@2x.png in Resources */ = {isa = PBXBuildFile; fileRef = 32D155B01D925FD800327805 /* ic_web@2x.png */; };
		32D155B91D927D1D00327805 /* bg_app@2x.jpg in Resources */ = {isa = PBXBuildFile; fileRef = 32D155B81D927D1D00327805 /* bg_app@2x.jpg */; };
		32DAF9771D7AC02500BCABCF /* Main.storyboard in Resources */ = {isa = PBXBuildFile; fileRef = 32DAF9751D7AC02500BCABCF /* Main.storyboard */; };
		32DAF9791D7AC02500BCABCF /* Assets.xcassets in Resources */ = {isa = PBXBuildFile; fileRef = 32DAF9781D7AC02500BCABCF /* Assets.xcassets */; };
		32DAF97C1D7AC02500BCABCF /* LaunchScreen.storyboard in Resources */ = {isa = PBXBuildFile; fileRef = 32DAF97A1D7AC02500BCABCF /* LaunchScreen.storyboard */; };
		32DAF9871D7AC02500BCABCF /* SapporoGoTests.m in Sources */ = {isa = PBXBuildFile; fileRef = 32DAF9861D7AC02500BCABCF /* SapporoGoTests.m */; };
		32DAF9921D7AC02500BCABCF /* SapporoGoUITests.m in Sources */ = {isa = PBXBuildFile; fileRef = 32DAF9911D7AC02500BCABCF /* SapporoGoUITests.m */; };
		D2FCB61743471612DA32D74D /* Pods.framework in Frameworks */ = {isa = PBXBuildFile; fileRef = 8042449990A08F3CF43B0572 /* Pods.framework */; };
/* End PBXBuildFile section */

/* Begin PBXContainerItemProxy section */
		32DAF9831D7AC02500BCABCF /* PBXContainerItemProxy */ = {
			isa = PBXContainerItemProxy;
			containerPortal = 32DAF9611D7AC02400BCABCF /* Project object */;
			proxyType = 1;
			remoteGlobalIDString = 32DAF9681D7AC02400BCABCF;
			remoteInfo = SapporoGo;
		};
		32DAF98E1D7AC02500BCABCF /* PBXContainerItemProxy */ = {
			isa = PBXContainerItemProxy;
			containerPortal = 32DAF9611D7AC02400BCABCF /* Project object */;
			proxyType = 1;
			remoteGlobalIDString = 32DAF9681D7AC02400BCABCF;
			remoteInfo = SapporoGo;
		};
/* End PBXContainerItemProxy section */

/* Begin PBXFileReference section */
		320874C61D94CD5000240A56 /* ヒラギノ角ゴシック_W4.ttc */ = {isa = PBXFileReference; lastKnownFileType = file; path = "ヒラギノ角ゴシック_W4.ttc"; sourceTree = "<group>"; };
		320874C81D94D0B500240A56 /* RealmSwift.framework */ = {isa = PBXFileReference; lastKnownFileType = wrapper.framework; name = RealmSwift.framework; path = "../../Library/Developer/Xcode/DerivedData/Build/Products/Debug-iphoneos/RealmSwift.framework"; sourceTree = "<group>"; };
		320874CA1D94D0CC00240A56 /* Realm.framework */ = {isa = PBXFileReference; lastKnownFileType = wrapper.framework; name = Realm.framework; path = "../../Library/Developer/Xcode/DerivedData/Build/Products/Debug-iphoneos/Realm.framework"; sourceTree = "<group>"; };
		320874CC1D9512A400240A56 /* ic_settings@2x.png */ = {isa = PBXFileReference; lastKnownFileType = image.png; name = "ic_settings@2x.png"; path = "Images/ic_settings@2x.png"; sourceTree = "<group>"; };
		320874CE1D9513E400240A56 /* ic_home@2x.png */ = {isa = PBXFileReference; lastKnownFileType = image.png; name = "ic_home@2x.png"; path = "Images/ic_home@2x.png"; sourceTree = "<group>"; };
		320874CF1D9513E400240A56 /* ic_lock@2x.png */ = {isa = PBXFileReference; lastKnownFileType = image.png; name = "ic_lock@2x.png"; path = "Images/ic_lock@2x.png"; sourceTree = "<group>"; };
		320874D01D9513E400240A56 /* ic_unlock@2x.png */ = {isa = PBXFileReference; lastKnownFileType = image.png; name = "ic_unlock@2x.png"; path = "Images/ic_unlock@2x.png"; sourceTree = "<group>"; };
		320874D41D9514EB00240A56 /* ic_share@2x.png */ = {isa = PBXFileReference; lastKnownFileType = image.png; name = "ic_share@2x.png"; path = "Images/ic_share@2x.png"; sourceTree = "<group>"; };
		320874D61D95175100240A56 /* SettingTableViewController.swift */ = {isa = PBXFileReference; fileEncoding = 4; lastKnownFileType = sourcecode.swift; path = SettingTableViewController.swift; sourceTree = "<group>"; };
		320874D81D951DD600240A56 /* ic_copyright@2x.png */ = {isa = PBXFileReference; lastKnownFileType = image.png; name = "ic_copyright@2x.png"; path = "Images/ic_copyright@2x.png"; sourceTree = "<group>"; };
		320C28581D9173510064DBC5 /* PDFViewController.swift */ = {isa = PBXFileReference; fileEncoding = 4; lastKnownFileType = sourcecode.swift; path = PDFViewController.swift; sourceTree = "<group>"; };
		3219E8C61D922549009A3C66 /* UserDefaultSupport.swift */ = {isa = PBXFileReference; fileEncoding = 4; lastKnownFileType = sourcecode.swift; path = UserDefaultSupport.swift; sourceTree = "<group>"; };
		3219E8C81D923A70009A3C66 /* ShelterItem.swift */ = {isa = PBXFileReference; fileEncoding = 4; lastKnownFileType = sourcecode.swift; path = ShelterItem.swift; sourceTree = "<group>"; };
		3219E8CA1D923D7E009A3C66 /* ShelterItemTableViewController.swift */ = {isa = PBXFileReference; fileEncoding = 4; lastKnownFileType = sourcecode.swift; path = ShelterItemTableViewController.swift; sourceTree = "<group>"; };
		324A14721D9B463200E3592C /* ExtraCellView.xib */ = {isa = PBXFileReference; fileEncoding = 4; lastKnownFileType = file.xib; path = ExtraCellView.xib; sourceTree = "<group>"; };
		324A14741D9B47CF00E3592C /* ExtraCellView.swift */ = {isa = PBXFileReference; fileEncoding = 4; lastKnownFileType = sourcecode.swift; path = ExtraCellView.swift; sourceTree = "<group>"; };
		324A14761D9B48BE00E3592C /* ExtraContentsItem.swift */ = {isa = PBXFileReference; fileEncoding = 4; lastKnownFileType = sourcecode.swift; path = ExtraContentsItem.swift; sourceTree = "<group>"; };
		324A14781D9B4B3C00E3592C /* ExtraContentsViewController.swift */ = {isa = PBXFileReference; fileEncoding = 4; lastKnownFileType = sourcecode.swift; path = ExtraContentsViewController.swift; sourceTree = "<group>"; };
		324A147A1D9B737700E3592C /* DoyurinTableViewController.swift */ = {isa = PBXFileReference; fileEncoding = 4; lastKnownFileType = sourcecode.swift; path = DoyurinTableViewController.swift; sourceTree = "<group>"; };
		324A147C1D9B786200E3592C /* DoyurinItem.swift */ = {isa = PBXFileReference; fileEncoding = 4; lastKnownFileType = sourcecode.swift; path = DoyurinItem.swift; sourceTree = "<group>"; };
		324A147E1D9B7DBB00E3592C /* noimage@2x.jpg */ = {isa = PBXFileReference; lastKnownFileType = image.jpeg; name = "noimage@2x.jpg"; path = "Images/noimage@2x.jpg"; sourceTree = "<group>"; };
		324A14801D9B803600E3592C /* ic_info@2x.png */ = {isa = PBXFileReference; lastKnownFileType = image.png; name = "ic_info@2x.png"; path = "Images/ic_info@2x.png"; sourceTree = "<group>"; };
		324A14821D9B894700E3592C /* ic_user@2x.png */ = {isa = PBXFileReference; lastKnownFileType = image.png; name = "ic_user@2x.png"; path = "Images/ic_user@2x.png"; sourceTree = "<group>"; };
		325162DC1D8A796E0031E836 /* MedicalPack.swift */ = {isa = PBXFileReference; fileEncoding = 4; lastKnownFileType = sourcecode.swift; path = MedicalPack.swift; sourceTree = "<group>"; };
		325162DE1D8A7ADD0031E836 /* ResourcePack.swift */ = {isa = PBXFileReference; fileEncoding = 4; lastKnownFileType = sourcecode.swift; path = ResourcePack.swift; sourceTree = "<group>"; };
		325162E01D8A7AF50031E836 /* AdminPack.swift */ = {isa = PBXFileReference; fileEncoding = 4; lastKnownFileType = sourcecode.swift; path = AdminPack.swift; sourceTree = "<group>"; };
		325162E21D8A7C2F0031E836 /* ChildcarePack.swift */ = {isa = PBXFileReference; fileEncoding = 4; lastKnownFileType = sourcecode.swift; path = ChildcarePack.swift; sourceTree = "<group>"; };
		325162E41D8A7C450031E836 /* NursingPack.swift */ = {isa = PBXFileReference; fileEncoding = 4; lastKnownFileType = sourcecode.swift; path = NursingPack.swift; sourceTree = "<group>"; };
		325162E61D8A7C620031E836 /* DisasterPack.swift */ = {isa = PBXFileReference; fileEncoding = 4; lastKnownFileType = sourcecode.swift; path = DisasterPack.swift; sourceTree = "<group>"; };
		325162E81D8A7C8A0031E836 /* Pack.swift */ = {isa = PBXFileReference; fileEncoding = 4; lastKnownFileType = sourcecode.swift; path = Pack.swift; sourceTree = "<group>"; };
		325162EE1D8A9AD30031E836 /* ContentsItem.swift */ = {isa = PBXFileReference; fileEncoding = 4; lastKnownFileType = sourcecode.swift; path = ContentsItem.swift; sourceTree = "<group>"; };
		325162F61D8AA3FD0031E836 /* MapViewController.swift */ = {isa = PBXFileReference; fileEncoding = 4; lastKnownFileType = sourcecode.swift; path = MapViewController.swift; sourceTree = "<group>"; };
		3253A1121D8B95E00081B1C2 /* AppDelegate.h */ = {isa = PBXFileReference; fileEncoding = 4; lastKnownFileType = sourcecode.c.h; path = AppDelegate.h; sourceTree = "<group>"; };
		3253A1131D8B95E00081B1C2 /* AppDelegate.m */ = {isa = PBXFileReference; fileEncoding = 4; lastKnownFileType = sourcecode.c.objc; path = AppDelegate.m; sourceTree = "<group>"; };
		3253A1151D8B96300081B1C2 /* main.m */ = {isa = PBXFileReference; fileEncoding = 4; lastKnownFileType = sourcecode.c.objc; path = main.m; sourceTree = "<group>"; };
		3253A11C1D8BAB590081B1C2 /* TabBarController.swift */ = {isa = PBXFileReference; fileEncoding = 4; lastKnownFileType = sourcecode.swift; path = TabBarController.swift; sourceTree = "<group>"; };
		325409321D9101E20022A20E /* UIImage(resize).swift */ = {isa = PBXFileReference; fileEncoding = 4; lastKnownFileType = sourcecode.swift; path = "UIImage(resize).swift"; sourceTree = "<group>"; };
		325409381D910F3E0022A20E /* ic_map@2x.png */ = {isa = PBXFileReference; lastKnownFileType = image.png; name = "ic_map@2x.png"; path = "Images/ic_map@2x.png"; sourceTree = "<group>"; };
		325409391D910F3E0022A20E /* ic_pdf@2x.png */ = {isa = PBXFileReference; lastKnownFileType = image.png; name = "ic_pdf@2x.png"; path = "Images/ic_pdf@2x.png"; sourceTree = "<group>"; };
		3254093C1D9112EA0022A20E /* SapporoMedical.swift */ = {isa = PBXFileReference; fileEncoding = 4; lastKnownFileType = sourcecode.swift; path = SapporoMedical.swift; sourceTree = "<group>"; };
		325409401D91169B0022A20E /* CSVParser.swift */ = {isa = PBXFileReference; fileEncoding = 4; lastKnownFileType = sourcecode.swift; path = CSVParser.swift; sourceTree = "<group>"; };
		325409421D9134A60022A20E /* ic_link@2x.png */ = {isa = PBXFileReference; lastKnownFileType = image.png; name = "ic_link@2x.png"; path = "Images/ic_link@2x.png"; sourceTree = "<group>"; };
		3257AB8F1D829D8D0036E6E8 /* SapporoGo-Bridging-Header.h */ = {isa = PBXFileReference; lastKnownFileType = sourcecode.c.h; path = "SapporoGo-Bridging-Header.h"; sourceTree = "<group>"; };
		3257AB901D829D8D0036E6E8 /* HomeViewController.swift */ = {isa = PBXFileReference; fileEncoding = 4; lastKnownFileType = sourcecode.swift; path = HomeViewController.swift; sourceTree = "<group>"; };
		3257AB941D82A8BC0036E6E8 /* MapKit.framework */ = {isa = PBXFileReference; lastKnownFileType = wrapper.framework; name = MapKit.framework; path = System/Library/Frameworks/MapKit.framework; sourceTree = SDKROOT; };
		3257AB9A1D82ADF10036E6E8 /* CoreFoundation.framework */ = {isa = PBXFileReference; lastKnownFileType = wrapper.framework; name = CoreFoundation.framework; path = System/Library/Frameworks/CoreFoundation.framework; sourceTree = SDKROOT; };
		326383C71D87D1F400DED761 /* ContentsTableViewController.swift */ = {isa = PBXFileReference; fileEncoding = 4; lastKnownFileType = sourcecode.swift; path = ContentsTableViewController.swift; sourceTree = "<group>"; };
		326383C91D87DE8800DED761 /* Accounts.framework */ = {isa = PBXFileReference; lastKnownFileType = wrapper.framework; name = Accounts.framework; path = System/Library/Frameworks/Accounts.framework; sourceTree = SDKROOT; };
		326383CB1D87DE9000DED761 /* Social.framework */ = {isa = PBXFileReference; lastKnownFileType = wrapper.framework; name = Social.framework; path = System/Library/Frameworks/Social.framework; sourceTree = SDKROOT; };
		327133441DA5D7A2006DF9DE /* SeniorVaccination.swift */ = {isa = PBXFileReference; fileEncoding = 4; lastKnownFileType = sourcecode.swift; path = SeniorVaccination.swift; sourceTree = "<group>"; };
		328A9B591D992B12006203D6 /* ic_copyright_black@2x.png */ = {isa = PBXFileReference; lastKnownFileType = image.png; name = "ic_copyright_black@2x.png"; path = "Images/ic_copyright_black@2x.png"; sourceTree = "<group>"; };
		328A9B731D99315D006203D6 /* ExtraPack.swift */ = {isa = PBXFileReference; fileEncoding = 4; lastKnownFileType = sourcecode.swift; path = ExtraPack.swift; sourceTree = "<group>"; };
		32A52A3E1D9E221F0043403B /* 201_01_ごみ分けガイド表紙・裏表紙（問合わせ先一覧）.pdf */ = {isa = PBXFileReference; lastKnownFileType = image.pdf; name = "201_01_ごみ分けガイド表紙・裏表紙（問合わせ先一覧）.pdf"; path = "CSV,PDF/ゴミ・資源/201_01_ごみ分けガイド表紙・裏表紙（問合わせ先一覧）.pdf"; sourceTree = "<group>"; };
		32A52A3F1D9E221F0043403B /* 201_02_【特集】ごみを減らす。未来を創造する。.pdf */ = {isa = PBXFileReference; lastKnownFileType = image.pdf; name = "201_02_【特集】ごみを減らす。未来を創造する。.pdf"; path = "CSV,PDF/ゴミ・資源/201_02_【特集】ごみを減らす。未来を創造する。.pdf"; sourceTree = "<group>"; };
		32A52A401D9E221F0043403B /* 201_03_資源とごみの分け方・出し方一覧.pdf */ = {isa = PBXFileReference; lastKnownFileType = image.pdf; name = "201_03_資源とごみの分け方・出し方一覧.pdf"; path = "CSV,PDF/ゴミ・資源/201_03_資源とごみの分け方・出し方一覧.pdf"; sourceTree = "<group>"; };
		32A52A411D9E221F0043403B /* 201_04_指定ごみ袋まるわかり解説／排出ルール.pdf */ = {isa = PBXFileReference; lastKnownFileType = image.pdf; name = "201_04_指定ごみ袋まるわかり解説／排出ルール.pdf"; path = "CSV,PDF/ゴミ・資源/201_04_指定ごみ袋まるわかり解説／排出ルール.pdf"; sourceTree = "<group>"; };
		32A52A421D9E221F0043403B /* 201_05_燃やせるごみ（有料）週2回.pdf */ = {isa = PBXFileReference; lastKnownFileType = image.pdf; name = "201_05_燃やせるごみ（有料）週2回.pdf"; path = "CSV,PDF/ゴミ・資源/201_05_燃やせるごみ（有料）週2回.pdf"; sourceTree = "<group>"; };
		32A52A431D9E221F0043403B /* 201_06_燃やせないごみ（有料）4週1回.pdf */ = {isa = PBXFileReference; lastKnownFileType = image.pdf; name = "201_06_燃やせないごみ（有料）4週1回.pdf"; path = "CSV,PDF/ゴミ・資源/201_06_燃やせないごみ（有料）4週1回.pdf"; sourceTree = "<group>"; };
		32A52A441D9E221F0043403B /* 201_07_容器包装プラスチック（無料）週1回.pdf */ = {isa = PBXFileReference; lastKnownFileType = image.pdf; name = "201_07_容器包装プラスチック（無料）週1回.pdf"; path = "CSV,PDF/ゴミ・資源/201_07_容器包装プラスチック（無料）週1回.pdf"; sourceTree = "<group>"; };
		32A52A451D9E221F0043403B /* 201_08_びん・缶・ペットボトル（無料）週1回／枝・葉・草（無料）.pdf */ = {isa = PBXFileReference; lastKnownFileType = image.pdf; name = "201_08_びん・缶・ペットボトル（無料）週1回／枝・葉・草（無料）.pdf"; path = "CSV,PDF/ゴミ・資源/201_08_びん・缶・ペットボトル（無料）週1回／枝・葉・草（無料）.pdf"; sourceTree = "<group>"; };
		32A52A461D9E221F0043403B /* 201_09_雑がみ（無料）2週1回.pdf */ = {isa = PBXFileReference; lastKnownFileType = image.pdf; name = "201_09_雑がみ（無料）2週1回.pdf"; path = "CSV,PDF/ゴミ・資源/201_09_雑がみ（無料）2週1回.pdf"; sourceTree = "<group>"; };
		32A52A471D9E221F0043403B /* 201_10_大型ごみ（有料）週1回.pdf */ = {isa = PBXFileReference; lastKnownFileType = image.pdf; name = "201_10_大型ごみ（有料）週1回.pdf"; path = "CSV,PDF/ゴミ・資源/201_10_大型ごみ（有料）週1回.pdf"; sourceTree = "<group>"; };
		32A52A481D9E221F0043403B /* 201_11_大型ごみの申込方法と手順／主な大型ごみの処理手数料.pdf */ = {isa = PBXFileReference; lastKnownFileType = image.pdf; name = "201_11_大型ごみの申込方法と手順／主な大型ごみの処理手数料.pdf"; path = "CSV,PDF/ゴミ・資源/201_11_大型ごみの申込方法と手順／主な大型ごみの処理手数料.pdf"; sourceTree = "<group>"; };
		32A52A491D9E221F0043403B /* 201_12_集団資源回収／資源物の回収拠点.pdf */ = {isa = PBXFileReference; lastKnownFileType = image.pdf; name = "201_12_集団資源回収／資源物の回収拠点.pdf"; path = "CSV,PDF/ゴミ・資源/201_12_集団資源回収／資源物の回収拠点.pdf"; sourceTree = "<group>"; };
		32A52A4A1D9E221F0043403B /* 201_13_小型家電リサイクル地区リサイクルセンター／家庭系古紙引取案内.pdf */ = {isa = PBXFileReference; lastKnownFileType = image.pdf; name = "201_13_小型家電リサイクル地区リサイクルセンター／家庭系古紙引取案内.pdf"; path = "CSV,PDF/ゴミ・資源/201_13_小型家電リサイクル地区リサイクルセンター／家庭系古紙引取案内.pdf"; sourceTree = "<group>"; };
		32A52A4B1D9E221F0043403B /* 201_14_生ごみリサイクル／さわやか収集／ライターのガスの抜き方.pdf */ = {isa = PBXFileReference; lastKnownFileType = image.pdf; name = "201_14_生ごみリサイクル／さわやか収集／ライターのガスの抜き方.pdf"; path = "CSV,PDF/ゴミ・資源/201_14_生ごみリサイクル／さわやか収集／ライターのガスの抜き方.pdf"; sourceTree = "<group>"; };
		32A52A4C1D9E221F0043403B /* 201_15_資源のゆくえ（札幌市のリサイクル）.pdf */ = {isa = PBXFileReference; lastKnownFileType = image.pdf; name = "201_15_資源のゆくえ（札幌市のリサイクル）.pdf"; path = "CSV,PDF/ゴミ・資源/201_15_資源のゆくえ（札幌市のリサイクル）.pdf"; sourceTree = "<group>"; };
		32A52A4D1D9E221F0043403B /* 201_16_自己搬入（家庭ごみを自分で持ち込むこともできます）／市が収集しないもの(処理が困難なもの・危険物など).pdf */ = {isa = PBXFileReference; lastKnownFileType = image.pdf; name = "201_16_自己搬入（家庭ごみを自分で持ち込むこともできます）／市が収集しないもの(処理が困難なもの・危険物など).pdf"; path = "CSV,PDF/ゴミ・資源/201_16_自己搬入（家庭ごみを自分で持ち込むこともできます）／市が収集しないもの(処理が困難なもの・危険物など).pdf"; sourceTree = "<group>"; };
		32A52A4E1D9E221F0043403B /* 201_17_市が収集しないもの(家電4品目・パソコン）.pdf */ = {isa = PBXFileReference; lastKnownFileType = image.pdf; name = "201_17_市が収集しないもの(家電4品目・パソコン）.pdf"; path = "CSV,PDF/ゴミ・資源/201_17_市が収集しないもの(家電4品目・パソコン）.pdf"; sourceTree = "<group>"; };
		32A52A4F1D9E221F0043403B /* 201_18_資源物の回収拠点一覧.pdf */ = {isa = PBXFileReference; lastKnownFileType = image.pdf; name = "201_18_資源物の回収拠点一覧.pdf"; path = "CSV,PDF/ゴミ・資源/201_18_資源物の回収拠点一覧.pdf"; sourceTree = "<group>"; };
		32A52A501D9E221F0043403B /* 201_19_資源とごみの分別辞典.pdf */ = {isa = PBXFileReference; lastKnownFileType = image.pdf; name = "201_19_資源とごみの分別辞典.pdf"; path = "CSV,PDF/ゴミ・資源/201_19_資源とごみの分別辞典.pdf"; sourceTree = "<group>"; };
		32A52A641D9E223E0043403B /* garbage_chinese.pdf */ = {isa = PBXFileReference; lastKnownFileType = image.pdf; name = garbage_chinese.pdf; path = "CSV,PDF/ゴミ・資源/garbage_chinese.pdf"; sourceTree = "<group>"; };
		32A52A651D9E223E0043403B /* garbage_english.pdf */ = {isa = PBXFileReference; lastKnownFileType = image.pdf; name = garbage_english.pdf; path = "CSV,PDF/ゴミ・資源/garbage_english.pdf"; sourceTree = "<group>"; };
		32A52A661D9E223E0043403B /* garbage_korean.pdf */ = {isa = PBXFileReference; lastKnownFileType = image.pdf; name = garbage_korean.pdf; path = "CSV,PDF/ゴミ・資源/garbage_korean.pdf"; sourceTree = "<group>"; };
		32A52A6A1D9E26AE0043403B /* 100_行政情報_区役所_区民センター.csv */ = {isa = PBXFileReference; fileEncoding = 4; lastKnownFileType = text; name = "100_行政情報_区役所_区民センター.csv"; path = "CSV,PDF/行政/100_行政情報_区役所_区民センター.csv"; sourceTree = "<group>"; };
		32A52A6B1D9E26AE0043403B /* 101_行政情報_コミュニティ_地区センター_集会施設.csv */ = {isa = PBXFileReference; fileEncoding = 4; lastKnownFileType = text; name = "101_行政情報_コミュニティ_地区センター_集会施設.csv"; path = "CSV,PDF/行政/101_行政情報_コミュニティ_地区センター_集会施設.csv"; sourceTree = "<group>"; };
		32A52A6C1D9E26AE0043403B /* 102_行政情報_まちづくり地区センター_地区会館.csv */ = {isa = PBXFileReference; fileEncoding = 4; lastKnownFileType = text; name = "102_行政情報_まちづくり地区センター_地区会館.csv"; path = "CSV,PDF/行政/102_行政情報_まちづくり地区センター_地区会館.csv"; sourceTree = "<group>"; };
		32A52A6D1D9E26AE0043403B /* 103_行政情報_土木センター.csv */ = {isa = PBXFileReference; fileEncoding = 4; lastKnownFileType = text; name = "103_行政情報_土木センター.csv"; path = "CSV,PDF/行政/103_行政情報_土木センター.csv"; sourceTree = "<group>"; };
		32A52A6E1D9E26AE0043403B /* 104_行政情報_保健センター.csv */ = {isa = PBXFileReference; fileEncoding = 4; lastKnownFileType = text; name = "104_行政情報_保健センター.csv"; path = "CSV,PDF/行政/104_行政情報_保健センター.csv"; sourceTree = "<group>"; };
		32A52A701D9E26AE0043403B /* 106_行政情報_消防.csv */ = {isa = PBXFileReference; fileEncoding = 4; lastKnownFileType = text; name = "106_行政情報_消防.csv"; path = "CSV,PDF/行政/106_行政情報_消防.csv"; sourceTree = "<group>"; };
		32A52A781D9E2BC60043403B /* 301_医療情報_高齢予防接種中央区.csv */ = {isa = PBXFileReference; fileEncoding = 4; lastKnownFileType = text; name = "301_医療情報_高齢予防接種中央区.csv"; path = "CSV,PDF/医療/301_医療情報_高齢予防接種中央区.csv"; sourceTree = "<group>"; };
		32A52A791D9E2BC60043403B /* 302_医療情報_高齢予防接種北区.csv */ = {isa = PBXFileReference; fileEncoding = 4; lastKnownFileType = text; name = "302_医療情報_高齢予防接種北区.csv"; path = "CSV,PDF/医療/302_医療情報_高齢予防接種北区.csv"; sourceTree = "<group>"; };
		32A52A7A1D9E2BC60043403B /* 303_医療情報_高齢予防接種東区.csv */ = {isa = PBXFileReference; fileEncoding = 4; lastKnownFileType = text; name = "303_医療情報_高齢予防接種東区.csv"; path = "CSV,PDF/医療/303_医療情報_高齢予防接種東区.csv"; sourceTree = "<group>"; };
		32A52A7B1D9E2BC60043403B /* 304_医療情報_高齢予防接種白石区.csv */ = {isa = PBXFileReference; fileEncoding = 4; lastKnownFileType = text; name = "304_医療情報_高齢予防接種白石区.csv"; path = "CSV,PDF/医療/304_医療情報_高齢予防接種白石区.csv"; sourceTree = "<group>"; };
		32A52A7C1D9E2BC60043403B /* 305_医療情報_高齢予防接種厚別区.csv */ = {isa = PBXFileReference; fileEncoding = 4; lastKnownFileType = text; name = "305_医療情報_高齢予防接種厚別区.csv"; path = "CSV,PDF/医療/305_医療情報_高齢予防接種厚別区.csv"; sourceTree = "<group>"; };
		32A52A7D1D9E2BC60043403B /* 306_医療情報_高齢予防接種豊平区.csv */ = {isa = PBXFileReference; fileEncoding = 4; lastKnownFileType = text; name = "306_医療情報_高齢予防接種豊平区.csv"; path = "CSV,PDF/医療/306_医療情報_高齢予防接種豊平区.csv"; sourceTree = "<group>"; };
		32A52A7E1D9E2BC60043403B /* 307_医療情報_高齢予防接種清田区.csv */ = {isa = PBXFileReference; fileEncoding = 4; lastKnownFileType = text; name = "307_医療情報_高齢予防接種清田区.csv"; path = "CSV,PDF/医療/307_医療情報_高齢予防接種清田区.csv"; sourceTree = "<group>"; };
		32A52A7F1D9E2BC60043403B /* 308_医療情報_高齢予防接種南区.csv */ = {isa = PBXFileReference; fileEncoding = 4; lastKnownFileType = text; name = "308_医療情報_高齢予防接種南区.csv"; path = "CSV,PDF/医療/308_医療情報_高齢予防接種南区.csv"; sourceTree = "<group>"; };
		32A52A801D9E2BC60043403B /* 309_医療情報_高齢予防接種西区.csv */ = {isa = PBXFileReference; fileEncoding = 4; lastKnownFileType = text; name = "309_医療情報_高齢予防接種西区.csv"; path = "CSV,PDF/医療/309_医療情報_高齢予防接種西区.csv"; sourceTree = "<group>"; };
		32A52A811D9E2BC60043403B /* 310_医療情報_高齢予防接種手稲区.csv */ = {isa = PBXFileReference; fileEncoding = 4; lastKnownFileType = text; name = "310_医療情報_高齢予防接種手稲区.csv"; path = "CSV,PDF/医療/310_医療情報_高齢予防接種手稲区.csv"; sourceTree = "<group>"; };
		32A52A821D9E2BC60043403B /* 330_医療情報_病院.csv */ = {isa = PBXFileReference; fileEncoding = 4; lastKnownFileType = text; name = "330_医療情報_病院.csv"; path = "CSV,PDF/医療/330_医療情報_病院.csv"; sourceTree = "<group>"; };
		32A52A8E1D9E33A30043403B /* 500_避難所_広域避難所.csv */ = {isa = PBXFileReference; fileEncoding = 4; lastKnownFileType = text; name = "500_避難所_広域避難所.csv"; path = "CSV,PDF/防災/500_避難所_広域避難所.csv"; sourceTree = "<group>"; };
		32A52A8F1D9E33A30043403B /* 501_避難所_基幹避難所.csv */ = {isa = PBXFileReference; fileEncoding = 4; lastKnownFileType = text; name = "501_避難所_基幹避難所.csv"; path = "CSV,PDF/防災/501_避難所_基幹避難所.csv"; sourceTree = "<group>"; };
		32A52A901D9E33A30043403B /* 502_避難所_地域避難所.csv */ = {isa = PBXFileReference; fileEncoding = 4; lastKnownFileType = text; name = "502_避難所_地域避難所.csv"; path = "CSV,PDF/防災/502_避難所_地域避難所.csv"; sourceTree = "<group>"; };
		32A52A911D9E33A30043403B /* 505_防災_給水_調整前.csv */ = {isa = PBXFileReference; fileEncoding = 4; lastKnownFileType = text; name = "505_防災_給水_調整前.csv"; path = "CSV,PDF/防災/505_防災_給水_調整前.csv"; sourceTree = "<group>"; };
		32A52A961D9E33BB0043403B /* shelter_item.csv */ = {isa = PBXFileReference; fileEncoding = 4; lastKnownFileType = text; name = shelter_item.csv; path = "CSV,PDF/防災/shelter_item.csv"; sourceTree = "<group>"; };
		32A52A981D9E34D10043403B /* 700_介護_有料老人ホーム.csv */ = {isa = PBXFileReference; fileEncoding = 4; lastKnownFileType = text; name = "700_介護_有料老人ホーム.csv"; path = "CSV,PDF/介護/700_介護_有料老人ホーム.csv"; sourceTree = "<group>"; };
		32A52A9A1D9E35130043403B /* 600_育児_認可保育所.csv */ = {isa = PBXFileReference; fileEncoding = 4; lastKnownFileType = text; name = "600_育児_認可保育所.csv"; path = "CSV,PDF/育児/600_育児_認可保育所.csv"; sourceTree = "<group>"; };
		32A52A9C1D9E353C0043403B /* 900_エクストラ_札幌交通機関.csv */ = {isa = PBXFileReference; fileEncoding = 4; lastKnownFileType = text; name = "900_エクストラ_札幌交通機関.csv"; path = "CSV,PDF/エクストラ/900_エクストラ_札幌交通機関.csv"; sourceTree = "<group>"; };
		32A52A9D1D9E353C0043403B /* 901_エクストラ_道有林語録.csv */ = {isa = PBXFileReference; fileEncoding = 4; lastKnownFileType = text; name = "901_エクストラ_道有林語録.csv"; path = "CSV,PDF/エクストラ/901_エクストラ_道有林語録.csv"; sourceTree = "<group>"; };
		32A52A9E1D9E353C0043403B /* 902_エクストラ_札幌市内スーパー銭湯.csv */ = {isa = PBXFileReference; fileEncoding = 4; lastKnownFileType = text; name = "902_エクストラ_札幌市内スーパー銭湯.csv"; path = "CSV,PDF/エクストラ/902_エクストラ_札幌市内スーパー銭湯.csv"; sourceTree = "<group>"; };
		32A52A9F1D9E353C0043403B /* 905_エクストラ_公園トイレ中央区.csv */ = {isa = PBXFileReference; fileEncoding = 4; lastKnownFileType = text; name = "905_エクストラ_公園トイレ中央区.csv"; path = "CSV,PDF/エクストラ/905_エクストラ_公園トイレ中央区.csv"; sourceTree = "<group>"; };
		32A52AA41D9E4E970043403B /* RealmSupport.swift */ = {isa = PBXFileReference; fileEncoding = 4; lastKnownFileType = sourcecode.swift; path = RealmSupport.swift; sourceTree = "<group>"; };
		32A7FDEB1D9DEEA700845EFF /* MapObjectTableViewController.swift */ = {isa = PBXFileReference; fileEncoding = 4; lastKnownFileType = sourcecode.swift; path = MapObjectTableViewController.swift; sourceTree = "<group>"; };
		32BB23B61D8BD3DB00F8C7F5 /* MapObject.swift */ = {isa = PBXFileReference; fileEncoding = 4; lastKnownFileType = sourcecode.swift; path = MapObject.swift; sourceTree = "<group>"; };
		32D155AE1D92576100327805 /* ic_list@2x.png */ = {isa = PBXFileReference; lastKnownFileType = image.png; name = "ic_list@2x.png"; path = "Images/ic_list@2x.png"; sourceTree = "<group>"; };
		32D155B01D925FD800327805 /* ic_web@2x.png */ = {isa = PBXFileReference; lastKnownFileType = image.png; name = "ic_web@2x.png"; path = "Images/ic_web@2x.png"; sourceTree = "<group>"; };
		32D155B81D927D1D00327805 /* bg_app@2x.jpg */ = {isa = PBXFileReference; lastKnownFileType = image.jpeg; name = "bg_app@2x.jpg"; path = "Images/bg_app@2x.jpg"; sourceTree = "<group>"; };
		32DAF9691D7AC02400BCABCF /* SapporoGo.app */ = {isa = PBXFileReference; explicitFileType = wrapper.application; includeInIndex = 0; path = SapporoGo.app; sourceTree = BUILT_PRODUCTS_DIR; };
		32DAF9761D7AC02500BCABCF /* Base */ = {isa = PBXFileReference; lastKnownFileType = file.storyboard; name = Base; path = Base.lproj/Main.storyboard; sourceTree = "<group>"; };
		32DAF9781D7AC02500BCABCF /* Assets.xcassets */ = {isa = PBXFileReference; lastKnownFileType = folder.assetcatalog; path = Assets.xcassets; sourceTree = "<group>"; };
		32DAF97B1D7AC02500BCABCF /* Base */ = {isa = PBXFileReference; lastKnownFileType = file.storyboard; name = Base; path = Base.lproj/LaunchScreen.storyboard; sourceTree = "<group>"; };
		32DAF97D1D7AC02500BCABCF /* Info.plist */ = {isa = PBXFileReference; lastKnownFileType = text.plist.xml; path = Info.plist; sourceTree = "<group>"; };
		32DAF9821D7AC02500BCABCF /* SapporoGoTests.xctest */ = {isa = PBXFileReference; explicitFileType = wrapper.cfbundle; includeInIndex = 0; path = SapporoGoTests.xctest; sourceTree = BUILT_PRODUCTS_DIR; };
		32DAF9861D7AC02500BCABCF /* SapporoGoTests.m */ = {isa = PBXFileReference; lastKnownFileType = sourcecode.c.objc; path = SapporoGoTests.m; sourceTree = "<group>"; };
		32DAF9881D7AC02500BCABCF /* Info.plist */ = {isa = PBXFileReference; lastKnownFileType = text.plist.xml; path = Info.plist; sourceTree = "<group>"; };
		32DAF98D1D7AC02500BCABCF /* SapporoGoUITests.xctest */ = {isa = PBXFileReference; explicitFileType = wrapper.cfbundle; includeInIndex = 0; path = SapporoGoUITests.xctest; sourceTree = BUILT_PRODUCTS_DIR; };
		32DAF9911D7AC02500BCABCF /* SapporoGoUITests.m */ = {isa = PBXFileReference; lastKnownFileType = sourcecode.c.objc; path = SapporoGoUITests.m; sourceTree = "<group>"; };
		32DAF9931D7AC02500BCABCF /* Info.plist */ = {isa = PBXFileReference; lastKnownFileType = text.plist.xml; path = Info.plist; sourceTree = "<group>"; };
		66105B7C68A80D039D8D7B0E /* Pods.release.xcconfig */ = {isa = PBXFileReference; includeInIndex = 1; lastKnownFileType = text.xcconfig; name = Pods.release.xcconfig; path = "Pods/Target Support Files/Pods/Pods.release.xcconfig"; sourceTree = "<group>"; };
		8042449990A08F3CF43B0572 /* Pods.framework */ = {isa = PBXFileReference; explicitFileType = wrapper.framework; includeInIndex = 0; path = Pods.framework; sourceTree = BUILT_PRODUCTS_DIR; };
		FD222BC5BCB8A176EDEE6A8B /* Pods.debug.xcconfig */ = {isa = PBXFileReference; includeInIndex = 1; lastKnownFileType = text.xcconfig; name = Pods.debug.xcconfig; path = "Pods/Target Support Files/Pods/Pods.debug.xcconfig"; sourceTree = "<group>"; };
/* End PBXFileReference section */

/* Begin PBXFrameworksBuildPhase section */
		32DAF9661D7AC02400BCABCF /* Frameworks */ = {
			isa = PBXFrameworksBuildPhase;
			buildActionMask = 2147483647;
			files = (
				326383CC1D87DE9000DED761 /* Social.framework in Frameworks */,
				326383CA1D87DE8800DED761 /* Accounts.framework in Frameworks */,
				3257AB9B1D82ADF10036E6E8 /* CoreFoundation.framework in Frameworks */,
				3257AB951D82A8BC0036E6E8 /* MapKit.framework in Frameworks */,
				D2FCB61743471612DA32D74D /* Pods.framework in Frameworks */,
			);
			runOnlyForDeploymentPostprocessing = 0;
		};
		32DAF97F1D7AC02500BCABCF /* Frameworks */ = {
			isa = PBXFrameworksBuildPhase;
			buildActionMask = 2147483647;
			files = (
			);
			runOnlyForDeploymentPostprocessing = 0;
		};
		32DAF98A1D7AC02500BCABCF /* Frameworks */ = {
			isa = PBXFrameworksBuildPhase;
			buildActionMask = 2147483647;
			files = (
			);
			runOnlyForDeploymentPostprocessing = 0;
		};
/* End PBXFrameworksBuildPhase section */

/* Begin PBXGroup section */
		3203E2E71D866738009C106E /* ViewControllers */ = {
			isa = PBXGroup;
			children = (
				3253A11C1D8BAB590081B1C2 /* TabBarController.swift */,
				3257AB901D829D8D0036E6E8 /* HomeViewController.swift */,
				326383C71D87D1F400DED761 /* ContentsTableViewController.swift */,
				325162F61D8AA3FD0031E836 /* MapViewController.swift */,
				320C28581D9173510064DBC5 /* PDFViewController.swift */,
				320874D61D95175100240A56 /* SettingTableViewController.swift */,
				3219E8CA1D923D7E009A3C66 /* ShelterItemTableViewController.swift */,
				324A14781D9B4B3C00E3592C /* ExtraContentsViewController.swift */,
				324A147A1D9B737700E3592C /* DoyurinTableViewController.swift */,
				32A7FDEB1D9DEEA700845EFF /* MapObjectTableViewController.swift */,
			);
			name = ViewControllers;
			sourceTree = "<group>";
		};
		3224425D1D812C00009B03CC /* Views */ = {
			isa = PBXGroup;
			children = (
				32DAF9751D7AC02500BCABCF /* Main.storyboard */,
				324A14721D9B463200E3592C /* ExtraCellView.xib */,
				324A14741D9B47CF00E3592C /* ExtraCellView.swift */,
			);
			name = Views;
			sourceTree = "<group>";
		};
		323CC14A1D88DFB90099EAC7 /* CSV,PDF */ = {
			isa = PBXGroup;
			children = (
				325409131D90C2520022A20E /* 行政 */,
				3254091B1D90C50C0022A20E /* 医療 */,
				3254091C1D90C5F70022A20E /* ゴミ・資源 */,
				325409151D90C2A50022A20E /* 防災 */,
				325409161D90C3510022A20E /* 介護 */,
				328A9B711D992CF1006203D6 /* 育児 */,
				328A9B721D992D00006203D6 /* エクストラ */,
			);
			name = "CSV,PDF";
			sourceTree = "<group>";
		};
		325162EA1D8A8FD70031E836 /* Packs */ = {
			isa = PBXGroup;
			children = (
				325162E81D8A7C8A0031E836 /* Pack.swift */,
				325162E01D8A7AF50031E836 /* AdminPack.swift */,
				325162DC1D8A796E0031E836 /* MedicalPack.swift */,
				325162DE1D8A7ADD0031E836 /* ResourcePack.swift */,
				325162E61D8A7C620031E836 /* DisasterPack.swift */,
				325162E21D8A7C2F0031E836 /* ChildcarePack.swift */,
				325162E41D8A7C450031E836 /* NursingPack.swift */,
				328A9B731D99315D006203D6 /* ExtraPack.swift */,
			);
			name = Packs;
			sourceTree = "<group>";
		};
		3253A1191D8BA5920081B1C2 /* RealmObjects */ = {
			isa = PBXGroup;
			children = (
				32BB23B61D8BD3DB00F8C7F5 /* MapObject.swift */,
				3254093C1D9112EA0022A20E /* SapporoMedical.swift */,
				3219E8C81D923A70009A3C66 /* ShelterItem.swift */,
				324A147C1D9B786200E3592C /* DoyurinItem.swift */,
				327133441DA5D7A2006DF9DE /* SeniorVaccination.swift */,
			);
			name = RealmObjects;
			sourceTree = "<group>";
		};
		325409131D90C2520022A20E /* 行政 */ = {
			isa = PBXGroup;
			children = (
				32A52A6A1D9E26AE0043403B /* 100_行政情報_区役所_区民センター.csv */,
				32A52A6B1D9E26AE0043403B /* 101_行政情報_コミュニティ_地区センター_集会施設.csv */,
				32A52A6C1D9E26AE0043403B /* 102_行政情報_まちづくり地区センター_地区会館.csv */,
				32A52A6D1D9E26AE0043403B /* 103_行政情報_土木センター.csv */,
				32A52A6E1D9E26AE0043403B /* 104_行政情報_保健センター.csv */,
				32A52A701D9E26AE0043403B /* 106_行政情報_消防.csv */,
			);
			name = "行政";
			sourceTree = "<group>";
		};
		325409151D90C2A50022A20E /* 防災 */ = {
			isa = PBXGroup;
			children = (
				32A52A8E1D9E33A30043403B /* 500_避難所_広域避難所.csv */,
				32A52A8F1D9E33A30043403B /* 501_避難所_基幹避難所.csv */,
				32A52A901D9E33A30043403B /* 502_避難所_地域避難所.csv */,
				32A52A911D9E33A30043403B /* 505_防災_給水_調整前.csv */,
				32A52A961D9E33BB0043403B /* shelter_item.csv */,
			);
			name = "防災";
			sourceTree = "<group>";
		};
		325409161D90C3510022A20E /* 介護 */ = {
			isa = PBXGroup;
			children = (
				32A52A981D9E34D10043403B /* 700_介護_有料老人ホーム.csv */,
			);
			name = "介護";
			sourceTree = "<group>";
		};
		3254091B1D90C50C0022A20E /* 医療 */ = {
			isa = PBXGroup;
			children = (
				32A52A781D9E2BC60043403B /* 301_医療情報_高齢予防接種中央区.csv */,
				32A52A791D9E2BC60043403B /* 302_医療情報_高齢予防接種北区.csv */,
				32A52A7A1D9E2BC60043403B /* 303_医療情報_高齢予防接種東区.csv */,
				32A52A7B1D9E2BC60043403B /* 304_医療情報_高齢予防接種白石区.csv */,
				32A52A7C1D9E2BC60043403B /* 305_医療情報_高齢予防接種厚別区.csv */,
				32A52A7D1D9E2BC60043403B /* 306_医療情報_高齢予防接種豊平区.csv */,
				32A52A7E1D9E2BC60043403B /* 307_医療情報_高齢予防接種清田区.csv */,
				32A52A7F1D9E2BC60043403B /* 308_医療情報_高齢予防接種南区.csv */,
				32A52A801D9E2BC60043403B /* 309_医療情報_高齢予防接種西区.csv */,
				32A52A811D9E2BC60043403B /* 310_医療情報_高齢予防接種手稲区.csv */,
				32A52A821D9E2BC60043403B /* 330_医療情報_病院.csv */,
			);
			name = "医療";
			sourceTree = "<group>";
		};
		3254091C1D90C5F70022A20E /* ゴミ・資源 */ = {
			isa = PBXGroup;
			children = (
				32A52A3E1D9E221F0043403B /* 201_01_ごみ分けガイド表紙・裏表紙（問合わせ先一覧）.pdf */,
				32A52A3F1D9E221F0043403B /* 201_02_【特集】ごみを減らす。未来を創造する。.pdf */,
				32A52A401D9E221F0043403B /* 201_03_資源とごみの分け方・出し方一覧.pdf */,
				32A52A411D9E221F0043403B /* 201_04_指定ごみ袋まるわかり解説／排出ルール.pdf */,
				32A52A421D9E221F0043403B /* 201_05_燃やせるごみ（有料）週2回.pdf */,
				32A52A431D9E221F0043403B /* 201_06_燃やせないごみ（有料）4週1回.pdf */,
				32A52A441D9E221F0043403B /* 201_07_容器包装プラスチック（無料）週1回.pdf */,
				32A52A451D9E221F0043403B /* 201_08_びん・缶・ペットボトル（無料）週1回／枝・葉・草（無料）.pdf */,
				32A52A461D9E221F0043403B /* 201_09_雑がみ（無料）2週1回.pdf */,
				32A52A471D9E221F0043403B /* 201_10_大型ごみ（有料）週1回.pdf */,
				32A52A481D9E221F0043403B /* 201_11_大型ごみの申込方法と手順／主な大型ごみの処理手数料.pdf */,
				32A52A491D9E221F0043403B /* 201_12_集団資源回収／資源物の回収拠点.pdf */,
				32A52A4A1D9E221F0043403B /* 201_13_小型家電リサイクル地区リサイクルセンター／家庭系古紙引取案内.pdf */,
				32A52A4B1D9E221F0043403B /* 201_14_生ごみリサイクル／さわやか収集／ライターのガスの抜き方.pdf */,
				32A52A4C1D9E221F0043403B /* 201_15_資源のゆくえ（札幌市のリサイクル）.pdf */,
				32A52A4D1D9E221F0043403B /* 201_16_自己搬入（家庭ごみを自分で持ち込むこともできます）／市が収集しないもの(処理が困難なもの・危険物など).pdf */,
				32A52A4E1D9E221F0043403B /* 201_17_市が収集しないもの(家電4品目・パソコン）.pdf */,
				32A52A4F1D9E221F0043403B /* 201_18_資源物の回収拠点一覧.pdf */,
				32A52A501D9E221F0043403B /* 201_19_資源とごみの分別辞典.pdf */,
				32A52A641D9E223E0043403B /* garbage_chinese.pdf */,
				32A52A651D9E223E0043403B /* garbage_english.pdf */,
				32A52A661D9E223E0043403B /* garbage_korean.pdf */,
			);
			name = "ゴミ・資源";
			sourceTree = "<group>";
		};
		3254092E1D9100370022A20E /* Images */ = {
			isa = PBXGroup;
			children = (
				324A147E1D9B7DBB00E3592C /* noimage@2x.jpg */,
				32D155B81D927D1D00327805 /* bg_app@2x.jpg */,
				325409381D910F3E0022A20E /* ic_map@2x.png */,
				328A9B591D992B12006203D6 /* ic_copyright_black@2x.png */,
				325409391D910F3E0022A20E /* ic_pdf@2x.png */,
				324A14821D9B894700E3592C /* ic_user@2x.png */,
				325409421D9134A60022A20E /* ic_link@2x.png */,
				324A14801D9B803600E3592C /* ic_info@2x.png */,
				32D155AE1D92576100327805 /* ic_list@2x.png */,
				32D155B01D925FD800327805 /* ic_web@2x.png */,
				320874CC1D9512A400240A56 /* ic_settings@2x.png */,
				320874CE1D9513E400240A56 /* ic_home@2x.png */,
				320874CF1D9513E400240A56 /* ic_lock@2x.png */,
				320874D01D9513E400240A56 /* ic_unlock@2x.png */,
				320874D41D9514EB00240A56 /* ic_share@2x.png */,
				320874D81D951DD600240A56 /* ic_copyright@2x.png */,
			);
			name = Images;
			sourceTree = "<group>";
		};
		325409311D9101B90022A20E /* Utility */ = {
			isa = PBXGroup;
			children = (
				325409321D9101E20022A20E /* UIImage(resize).swift */,
				325409401D91169B0022A20E /* CSVParser.swift */,
				3219E8C61D922549009A3C66 /* UserDefaultSupport.swift */,
				32A52AA41D9E4E970043403B /* RealmSupport.swift */,
			);
			name = Utility;
			sourceTree = "<group>";
		};
		3257AB961D82AC4D0036E6E8 /* Models */ = {
			isa = PBXGroup;
			children = (
				3253A1191D8BA5920081B1C2 /* RealmObjects */,
				325162EA1D8A8FD70031E836 /* Packs */,
				325162EE1D8A9AD30031E836 /* ContentsItem.swift */,
				324A14761D9B48BE00E3592C /* ExtraContentsItem.swift */,
			);
			name = Models;
			sourceTree = "<group>";
		};
		328A9B711D992CF1006203D6 /* 育児 */ = {
			isa = PBXGroup;
			children = (
				32A52A9A1D9E35130043403B /* 600_育児_認可保育所.csv */,
			);
			name = "育児";
			sourceTree = "<group>";
		};
		328A9B721D992D00006203D6 /* エクストラ */ = {
			isa = PBXGroup;
			children = (
				32A52A9C1D9E353C0043403B /* 900_エクストラ_札幌交通機関.csv */,
				32A52A9D1D9E353C0043403B /* 901_エクストラ_道有林語録.csv */,
				32A52A9E1D9E353C0043403B /* 902_エクストラ_札幌市内スーパー銭湯.csv */,
				32A52A9F1D9E353C0043403B /* 905_エクストラ_公園トイレ中央区.csv */,
			);
			name = "エクストラ";
			sourceTree = "<group>";
		};
		32DAF9601D7AC02400BCABCF = {
			isa = PBXGroup;
			children = (
				32DAF96B1D7AC02500BCABCF /* SapporoGo */,
				32DAF9851D7AC02500BCABCF /* SapporoGoTests */,
				32DAF9901D7AC02500BCABCF /* SapporoGoUITests */,
				32DAF96A1D7AC02400BCABCF /* Products */,
				6A5A453E5B131B50ED39F08E /* Frameworks */,
				FDA460A2326282108C678A0E /* Pods */,
			);
			sourceTree = "<group>";
		};
		32DAF96A1D7AC02400BCABCF /* Products */ = {
			isa = PBXGroup;
			children = (
				32DAF9691D7AC02400BCABCF /* SapporoGo.app */,
				32DAF9821D7AC02500BCABCF /* SapporoGoTests.xctest */,
				32DAF98D1D7AC02500BCABCF /* SapporoGoUITests.xctest */,
			);
			name = Products;
			sourceTree = "<group>";
		};
		32DAF96B1D7AC02500BCABCF /* SapporoGo */ = {
			isa = PBXGroup;
			children = (
				3253A1121D8B95E00081B1C2 /* AppDelegate.h */,
				3253A1131D8B95E00081B1C2 /* AppDelegate.m */,
				3203E2E71D866738009C106E /* ViewControllers */,
				3224425D1D812C00009B03CC /* Views */,
				3257AB961D82AC4D0036E6E8 /* Models */,
				325409311D9101B90022A20E /* Utility */,
				32DAF96C1D7AC02500BCABCF /* Supporting Files */,
				3257AB941D82A8BC0036E6E8 /* MapKit.framework */,
			);
			path = SapporoGo;
			sourceTree = "<group>";
		};
		32DAF96C1D7AC02500BCABCF /* Supporting Files */ = {
			isa = PBXGroup;
			children = (
				320874C61D94CD5000240A56 /* ヒラギノ角ゴシック_W4.ttc */,
				3253A1151D8B96300081B1C2 /* main.m */,
				3254092E1D9100370022A20E /* Images */,
				323CC14A1D88DFB90099EAC7 /* CSV,PDF */,
				32DAF9781D7AC02500BCABCF /* Assets.xcassets */,
				3257AB8F1D829D8D0036E6E8 /* SapporoGo-Bridging-Header.h */,
				32DAF97A1D7AC02500BCABCF /* LaunchScreen.storyboard */,
				32DAF97D1D7AC02500BCABCF /* Info.plist */,
			);
			name = "Supporting Files";
			sourceTree = "<group>";
		};
		32DAF9851D7AC02500BCABCF /* SapporoGoTests */ = {
			isa = PBXGroup;
			children = (
				32DAF9861D7AC02500BCABCF /* SapporoGoTests.m */,
				32DAF9881D7AC02500BCABCF /* Info.plist */,
			);
			path = SapporoGoTests;
			sourceTree = "<group>";
		};
		32DAF9901D7AC02500BCABCF /* SapporoGoUITests */ = {
			isa = PBXGroup;
			children = (
				32DAF9911D7AC02500BCABCF /* SapporoGoUITests.m */,
				32DAF9931D7AC02500BCABCF /* Info.plist */,
			);
			path = SapporoGoUITests;
			sourceTree = "<group>";
		};
		6A5A453E5B131B50ED39F08E /* Frameworks */ = {
			isa = PBXGroup;
			children = (
				320874CA1D94D0CC00240A56 /* Realm.framework */,
				320874C81D94D0B500240A56 /* RealmSwift.framework */,
				326383CB1D87DE9000DED761 /* Social.framework */,
				326383C91D87DE8800DED761 /* Accounts.framework */,
				3257AB9A1D82ADF10036E6E8 /* CoreFoundation.framework */,
				8042449990A08F3CF43B0572 /* Pods.framework */,
			);
			name = Frameworks;
			sourceTree = "<group>";
		};
		FDA460A2326282108C678A0E /* Pods */ = {
			isa = PBXGroup;
			children = (
				FD222BC5BCB8A176EDEE6A8B /* Pods.debug.xcconfig */,
				66105B7C68A80D039D8D7B0E /* Pods.release.xcconfig */,
			);
			name = Pods;
			sourceTree = "<group>";
		};
/* End PBXGroup section */

/* Begin PBXNativeTarget section */
		32DAF9681D7AC02400BCABCF /* SapporoGo */ = {
			isa = PBXNativeTarget;
			buildConfigurationList = 32DAF9961D7AC02500BCABCF /* Build configuration list for PBXNativeTarget "SapporoGo" */;
			buildPhases = (
				DB7A612271670E96941852DB /* Check Pods Manifest.lock */,
				32DAF9651D7AC02400BCABCF /* Sources */,
				32DAF9661D7AC02400BCABCF /* Frameworks */,
				32DAF9671D7AC02400BCABCF /* Resources */,
				D4DC19B41EEA64DCA6FA12D6 /* Embed Pods Frameworks */,
				F8FC2169ADED8B2C4A18DCEB /* Copy Pods Resources */,
			);
			buildRules = (
			);
			dependencies = (
			);
			name = SapporoGo;
			productName = SapporoGo;
			productReference = 32DAF9691D7AC02400BCABCF /* SapporoGo.app */;
			productType = "com.apple.product-type.application";
		};
		32DAF9811D7AC02500BCABCF /* SapporoGoTests */ = {
			isa = PBXNativeTarget;
			buildConfigurationList = 32DAF9991D7AC02500BCABCF /* Build configuration list for PBXNativeTarget "SapporoGoTests" */;
			buildPhases = (
				32DAF97E1D7AC02500BCABCF /* Sources */,
				32DAF97F1D7AC02500BCABCF /* Frameworks */,
				32DAF9801D7AC02500BCABCF /* Resources */,
			);
			buildRules = (
			);
			dependencies = (
				32DAF9841D7AC02500BCABCF /* PBXTargetDependency */,
			);
			name = SapporoGoTests;
			productName = SapporoGoTests;
			productReference = 32DAF9821D7AC02500BCABCF /* SapporoGoTests.xctest */;
			productType = "com.apple.product-type.bundle.unit-test";
		};
		32DAF98C1D7AC02500BCABCF /* SapporoGoUITests */ = {
			isa = PBXNativeTarget;
			buildConfigurationList = 32DAF99C1D7AC02500BCABCF /* Build configuration list for PBXNativeTarget "SapporoGoUITests" */;
			buildPhases = (
				32DAF9891D7AC02500BCABCF /* Sources */,
				32DAF98A1D7AC02500BCABCF /* Frameworks */,
				32DAF98B1D7AC02500BCABCF /* Resources */,
			);
			buildRules = (
			);
			dependencies = (
				32DAF98F1D7AC02500BCABCF /* PBXTargetDependency */,
			);
			name = SapporoGoUITests;
			productName = SapporoGoUITests;
			productReference = 32DAF98D1D7AC02500BCABCF /* SapporoGoUITests.xctest */;
			productType = "com.apple.product-type.bundle.ui-testing";
		};
/* End PBXNativeTarget section */

/* Begin PBXProject section */
		32DAF9611D7AC02400BCABCF /* Project object */ = {
			isa = PBXProject;
			attributes = {
				LastUpgradeCheck = 0800;
				ORGANIZATIONNAME = com.era.watanabe.sapporo.go;
				TargetAttributes = {
					32DAF9681D7AC02400BCABCF = {
						CreatedOnToolsVersion = 7.3.1;
						DevelopmentTeam = H26M8H35H6;
						ProvisioningStyle = Manual;
					};
					32DAF9811D7AC02500BCABCF = {
						CreatedOnToolsVersion = 7.3.1;
						DevelopmentTeam = H26M8H35H6;
						TestTargetID = 32DAF9681D7AC02400BCABCF;
					};
					32DAF98C1D7AC02500BCABCF = {
						CreatedOnToolsVersion = 7.3.1;
						DevelopmentTeam = H26M8H35H6;
						TestTargetID = 32DAF9681D7AC02400BCABCF;
					};
				};
			};
			buildConfigurationList = 32DAF9641D7AC02400BCABCF /* Build configuration list for PBXProject "SapporoGo" */;
			compatibilityVersion = "Xcode 3.2";
			developmentRegion = English;
			hasScannedForEncodings = 0;
			knownRegions = (
				en,
				Base,
			);
			mainGroup = 32DAF9601D7AC02400BCABCF;
			productRefGroup = 32DAF96A1D7AC02400BCABCF /* Products */;
			projectDirPath = "";
			projectRoot = "";
			targets = (
				32DAF9681D7AC02400BCABCF /* SapporoGo */,
				32DAF9811D7AC02500BCABCF /* SapporoGoTests */,
				32DAF98C1D7AC02500BCABCF /* SapporoGoUITests */,
			);
		};
/* End PBXProject section */

/* Begin PBXResourcesBuildPhase section */
		32DAF9671D7AC02400BCABCF /* Resources */ = {
			isa = PBXResourcesBuildPhase;
			buildActionMask = 2147483647;
			files = (
				320874D11D9513E400240A56 /* ic_home@2x.png in Resources */,
				32A52A671D9E223E0043403B /* garbage_chinese.pdf in Resources */,
				32A52A521D9E221F0043403B /* 201_02_【特集】ごみを減らす。未来を創造する。.pdf in Resources */,
				32A52A631D9E221F0043403B /* 201_19_資源とごみの分別辞典.pdf in Resources */,
				32A52A881D9E2BC60043403B /* 306_医療情報_高齢予防接種豊平区.csv in Resources */,
				32A52A8D1D9E2BC60043403B /* 330_医療情報_病院.csv in Resources */,
				32A52A5C1D9E221F0043403B /* 201_12_集団資源回収／資源物の回収拠点.pdf in Resources */,
				328A9B5A1D992B12006203D6 /* ic_copyright_black@2x.png in Resources */,
				32A52A5B1D9E221F0043403B /* 201_11_大型ごみの申込方法と手順／主な大型ごみの処理手数料.pdf in Resources */,
				32A52AA21D9E353C0043403B /* 902_エクストラ_札幌市内スーパー銭湯.csv in Resources */,
				32A52A5F1D9E221F0043403B /* 201_15_資源のゆくえ（札幌市のリサイクル）.pdf in Resources */,
				32A52A581D9E221F0043403B /* 201_08_びん・缶・ペットボトル（無料）週1回／枝・葉・草（無料）.pdf in Resources */,
				32A52A921D9E33A30043403B /* 500_避難所_広域避難所.csv in Resources */,
				32A52A681D9E223E0043403B /* garbage_english.pdf in Resources */,
				320874D31D9513E500240A56 /* ic_unlock@2x.png in Resources */,
				32A52A771D9E26AE0043403B /* 106_行政情報_消防.csv in Resources */,
				32A52A851D9E2BC60043403B /* 303_医療情報_高齢予防接種東区.csv in Resources */,
				32A52A511D9E221F0043403B /* 201_01_ごみ分けガイド表紙・裏表紙（問合わせ先一覧）.pdf in Resources */,
				32A52A551D9E221F0043403B /* 201_05_燃やせるごみ（有料）週2回.pdf in Resources */,
				32A52A971D9E33BB0043403B /* shelter_item.csv in Resources */,
				32A52A561D9E221F0043403B /* 201_06_燃やせないごみ（有料）4週1回.pdf in Resources */,
				32A52A8B1D9E2BC60043403B /* 309_医療情報_高齢予防接種西区.csv in Resources */,
				32A52A621D9E221F0043403B /* 201_18_資源物の回収拠点一覧.pdf in Resources */,
				32A52A571D9E221F0043403B /* 201_07_容器包装プラスチック（無料）週1回.pdf in Resources */,
				32A52A861D9E2BC60043403B /* 304_医療情報_高齢予防接種白石区.csv in Resources */,
				320874CD1D9512A400240A56 /* ic_settings@2x.png in Resources */,
				325409431D9134A60022A20E /* ic_link@2x.png in Resources */,
				32D155AF1D92576100327805 /* ic_list@2x.png in Resources */,
				324A14831D9B894700E3592C /* ic_user@2x.png in Resources */,
				324A147F1D9B7DBB00E3592C /* noimage@2x.jpg in Resources */,
				32A52A8A1D9E2BC60043403B /* 308_医療情報_高齢予防接種南区.csv in Resources */,
				32A52A941D9E33A30043403B /* 502_避難所_地域避難所.csv in Resources */,
				32A52A9B1D9E35130043403B /* 600_育児_認可保育所.csv in Resources */,
				32A52A951D9E33A30043403B /* 505_防災_給水_調整前.csv in Resources */,
				32A52A741D9E26AE0043403B /* 103_行政情報_土木センター.csv in Resources */,
				32A52AA01D9E353C0043403B /* 900_エクストラ_札幌交通機関.csv in Resources */,
				32DAF97C1D7AC02500BCABCF /* LaunchScreen.storyboard in Resources */,
				32A52AA11D9E353C0043403B /* 901_エクストラ_道有林語録.csv in Resources */,
				32A52A5A1D9E221F0043403B /* 201_10_大型ごみ（有料）週1回.pdf in Resources */,
				32A52A611D9E221F0043403B /* 201_17_市が収集しないもの(家電4品目・パソコン）.pdf in Resources */,
				32DAF9791D7AC02500BCABCF /* Assets.xcassets in Resources */,
				32A52A711D9E26AE0043403B /* 100_行政情報_区役所_区民センター.csv in Resources */,
				32A52A591D9E221F0043403B /* 201_09_雑がみ（無料）2週1回.pdf in Resources */,
				320874D91D951DD600240A56 /* ic_copyright@2x.png in Resources */,
				32A52A891D9E2BC60043403B /* 307_医療情報_高齢予防接種清田区.csv in Resources */,
				32A52A931D9E33A30043403B /* 501_避難所_基幹避難所.csv in Resources */,
				32A52A541D9E221F0043403B /* 201_04_指定ごみ袋まるわかり解説／排出ルール.pdf in Resources */,
				32A52A691D9E223E0043403B /* garbage_korean.pdf in Resources */,
				3254093A1D910F3E0022A20E /* ic_map@2x.png in Resources */,
				32A52A991D9E34D10043403B /* 700_介護_有料老人ホーム.csv in Resources */,
				32A52A871D9E2BC60043403B /* 305_医療情報_高齢予防接種厚別区.csv in Resources */,
				32A52A721D9E26AE0043403B /* 101_行政情報_コミュニティ_地区センター_集会施設.csv in Resources */,
				32A52A5D1D9E221F0043403B /* 201_13_小型家電リサイクル地区リサイクルセンター／家庭系古紙引取案内.pdf in Resources */,
				320874C71D94CD5000240A56 /* ヒラギノ角ゴシック_W4.ttc in Resources */,
				32A52A731D9E26AE0043403B /* 102_行政情報_まちづくり地区センター_地区会館.csv in Resources */,
				32A52A5E1D9E221F0043403B /* 201_14_生ごみリサイクル／さわやか収集／ライターのガスの抜き方.pdf in Resources */,
				32A52A841D9E2BC60043403B /* 302_医療情報_高齢予防接種北区.csv in Resources */,
				3254093B1D910F3E0022A20E /* ic_pdf@2x.png in Resources */,
				32A52A601D9E221F0043403B /* 201_16_自己搬入（家庭ごみを自分で持ち込むこともできます）／市が収集しないもの(処理が困難なもの・危険物など).pdf in Resources */,
				32D155B91D927D1D00327805 /* bg_app@2x.jpg in Resources */,
				324A14731D9B463200E3592C /* ExtraCellView.xib in Resources */,
				32DAF9771D7AC02500BCABCF /* Main.storyboard in Resources */,
				32A52AA31D9E353C0043403B /* 905_エクストラ_公園トイレ中央区.csv in Resources */,
				32D155B11D925FD800327805 /* ic_web@2x.png in Resources */,
				324A14811D9B803600E3592C /* ic_info@2x.png in Resources */,
				320874D51D9514EB00240A56 /* ic_share@2x.png in Resources */,
				320874D21D9513E400240A56 /* ic_lock@2x.png in Resources */,
				32A52A831D9E2BC60043403B /* 301_医療情報_高齢予防接種中央区.csv in Resources */,
				32A52A8C1D9E2BC60043403B /* 310_医療情報_高齢予防接種手稲区.csv in Resources */,
				32A52A751D9E26AE0043403B /* 104_行政情報_保健センター.csv in Resources */,
				32A52A531D9E221F0043403B /* 201_03_資源とごみの分け方・出し方一覧.pdf in Resources */,
			);
			runOnlyForDeploymentPostprocessing = 0;
		};
		32DAF9801D7AC02500BCABCF /* Resources */ = {
			isa = PBXResourcesBuildPhase;
			buildActionMask = 2147483647;
			files = (
			);
			runOnlyForDeploymentPostprocessing = 0;
		};
		32DAF98B1D7AC02500BCABCF /* Resources */ = {
			isa = PBXResourcesBuildPhase;
			buildActionMask = 2147483647;
			files = (
			);
			runOnlyForDeploymentPostprocessing = 0;
		};
/* End PBXResourcesBuildPhase section */

/* Begin PBXShellScriptBuildPhase section */
		D4DC19B41EEA64DCA6FA12D6 /* Embed Pods Frameworks */ = {
			isa = PBXShellScriptBuildPhase;
			buildActionMask = 2147483647;
			files = (
			);
			inputPaths = (
			);
			name = "Embed Pods Frameworks";
			outputPaths = (
			);
			runOnlyForDeploymentPostprocessing = 0;
			shellPath = /bin/sh;
			shellScript = "\"${SRCROOT}/Pods/Target Support Files/Pods/Pods-frameworks.sh\"\n";
			showEnvVarsInLog = 0;
		};
		DB7A612271670E96941852DB /* Check Pods Manifest.lock */ = {
			isa = PBXShellScriptBuildPhase;
			buildActionMask = 2147483647;
			files = (
			);
			inputPaths = (
			);
			name = "Check Pods Manifest.lock";
			outputPaths = (
			);
			runOnlyForDeploymentPostprocessing = 0;
			shellPath = /bin/sh;
			shellScript = "diff \"${PODS_ROOT}/../Podfile.lock\" \"${PODS_ROOT}/Manifest.lock\" > /dev/null\nif [[ $? != 0 ]] ; then\n    cat << EOM\nerror: The sandbox is not in sync with the Podfile.lock. Run 'pod install' or update your CocoaPods installation.\nEOM\n    exit 1\nfi\n";
			showEnvVarsInLog = 0;
		};
		F8FC2169ADED8B2C4A18DCEB /* Copy Pods Resources */ = {
			isa = PBXShellScriptBuildPhase;
			buildActionMask = 2147483647;
			files = (
			);
			inputPaths = (
			);
			name = "Copy Pods Resources";
			outputPaths = (
			);
			runOnlyForDeploymentPostprocessing = 0;
			shellPath = /bin/sh;
			shellScript = "\"${SRCROOT}/Pods/Target Support Files/Pods/Pods-resources.sh\"\n";
			showEnvVarsInLog = 0;
		};
/* End PBXShellScriptBuildPhase section */

/* Begin PBXSourcesBuildPhase section */
		32DAF9651D7AC02400BCABCF /* Sources */ = {
			isa = PBXSourcesBuildPhase;
			buildActionMask = 2147483647;
			files = (
				320C28591D9173510064DBC5 /* PDFViewController.swift in Sources */,
				325162F71D8AA3FD0031E836 /* MapViewController.swift in Sources */,
				325162E51D8A7C450031E836 /* NursingPack.swift in Sources */,
				3219E8C71D922549009A3C66 /* UserDefaultSupport.swift in Sources */,
				325162EF1D8A9AD30031E836 /* ContentsItem.swift in Sources */,
				327133451DA5D7A2006DF9DE /* SeniorVaccination.swift in Sources */,
				325162E11D8A7AF50031E836 /* AdminPack.swift in Sources */,
				32A7FDEC1D9DEEA700845EFF /* MapObjectTableViewController.swift in Sources */,
				3254093D1D9112EA0022A20E /* SapporoMedical.swift in Sources */,
				325409411D91169B0022A20E /* CSVParser.swift in Sources */,
				3219E8CB1D923D7E009A3C66 /* ShelterItemTableViewController.swift in Sources */,
				324A147D1D9B786200E3592C /* DoyurinItem.swift in Sources */,
				324A14771D9B48BE00E3592C /* ExtraContentsItem.swift in Sources */,
				324A147B1D9B737700E3592C /* DoyurinTableViewController.swift in Sources */,
				325162E71D8A7C620031E836 /* DisasterPack.swift in Sources */,
				3253A11D1D8BAB590081B1C2 /* TabBarController.swift in Sources */,
				32BB23B71D8BD3DB00F8C7F5 /* MapObject.swift in Sources */,
				325409331D9101E20022A20E /* UIImage(resize).swift in Sources */,
				324A14751D9B47CF00E3592C /* ExtraCellView.swift in Sources */,
				326383C81D87D1F400DED761 /* ContentsTableViewController.swift in Sources */,
				320874D71D95175100240A56 /* SettingTableViewController.swift in Sources */,
				325162DD1D8A796E0031E836 /* MedicalPack.swift in Sources */,
				325162E91D8A7C8A0031E836 /* Pack.swift in Sources */,
				328A9B741D99315D006203D6 /* ExtraPack.swift in Sources */,
				3253A1161D8B96300081B1C2 /* main.m in Sources */,
				3219E8C91D923A70009A3C66 /* ShelterItem.swift in Sources */,
				325162E31D8A7C2F0031E836 /* ChildcarePack.swift in Sources */,
				3253A1141D8B95E00081B1C2 /* AppDelegate.m in Sources */,
				3257AB911D829D8D0036E6E8 /* HomeViewController.swift in Sources */,
				325162DF1D8A7ADD0031E836 /* ResourcePack.swift in Sources */,
				32A52AA51D9E4E970043403B /* RealmSupport.swift in Sources */,
				324A14791D9B4B3C00E3592C /* ExtraContentsViewController.swift in Sources */,
			);
			runOnlyForDeploymentPostprocessing = 0;
		};
		32DAF97E1D7AC02500BCABCF /* Sources */ = {
			isa = PBXSourcesBuildPhase;
			buildActionMask = 2147483647;
			files = (
				32DAF9871D7AC02500BCABCF /* SapporoGoTests.m in Sources */,
			);
			runOnlyForDeploymentPostprocessing = 0;
		};
		32DAF9891D7AC02500BCABCF /* Sources */ = {
			isa = PBXSourcesBuildPhase;
			buildActionMask = 2147483647;
			files = (
				32DAF9921D7AC02500BCABCF /* SapporoGoUITests.m in Sources */,
			);
			runOnlyForDeploymentPostprocessing = 0;
		};
/* End PBXSourcesBuildPhase section */

/* Begin PBXTargetDependency section */
		32DAF9841D7AC02500BCABCF /* PBXTargetDependency */ = {
			isa = PBXTargetDependency;
			target = 32DAF9681D7AC02400BCABCF /* SapporoGo */;
			targetProxy = 32DAF9831D7AC02500BCABCF /* PBXContainerItemProxy */;
		};
		32DAF98F1D7AC02500BCABCF /* PBXTargetDependency */ = {
			isa = PBXTargetDependency;
			target = 32DAF9681D7AC02400BCABCF /* SapporoGo */;
			targetProxy = 32DAF98E1D7AC02500BCABCF /* PBXContainerItemProxy */;
		};
/* End PBXTargetDependency section */

/* Begin PBXVariantGroup section */
		32DAF9751D7AC02500BCABCF /* Main.storyboard */ = {
			isa = PBXVariantGroup;
			children = (
				32DAF9761D7AC02500BCABCF /* Base */,
			);
			name = Main.storyboard;
			sourceTree = "<group>";
		};
		32DAF97A1D7AC02500BCABCF /* LaunchScreen.storyboard */ = {
			isa = PBXVariantGroup;
			children = (
				32DAF97B1D7AC02500BCABCF /* Base */,
			);
			name = LaunchScreen.storyboard;
			sourceTree = "<group>";
		};
/* End PBXVariantGroup section */

/* Begin XCBuildConfiguration section */
		32DAF9941D7AC02500BCABCF /* Debug */ = {
			isa = XCBuildConfiguration;
			buildSettings = {
				ALWAYS_SEARCH_USER_PATHS = NO;
				CLANG_ANALYZER_NONNULL = YES;
				CLANG_CXX_LANGUAGE_STANDARD = "gnu++0x";
				CLANG_CXX_LIBRARY = "libc++";
				CLANG_ENABLE_MODULES = YES;
				CLANG_ENABLE_OBJC_ARC = YES;
				CLANG_WARN_BOOL_CONVERSION = YES;
				CLANG_WARN_CONSTANT_CONVERSION = YES;
				CLANG_WARN_DIRECT_OBJC_ISA_USAGE = YES_ERROR;
				CLANG_WARN_EMPTY_BODY = YES;
				CLANG_WARN_ENUM_CONVERSION = YES;
				CLANG_WARN_INFINITE_RECURSION = YES;
				CLANG_WARN_INT_CONVERSION = YES;
				CLANG_WARN_OBJC_ROOT_CLASS = YES_ERROR;
				CLANG_WARN_SUSPICIOUS_MOVE = YES;
				CLANG_WARN_UNREACHABLE_CODE = YES;
				CLANG_WARN__DUPLICATE_METHOD_MATCH = YES;
				"CODE_SIGN_IDENTITY[sdk=iphoneos*]" = "iPhone Developer";
				COPY_PHASE_STRIP = NO;
				DEBUG_INFORMATION_FORMAT = dwarf;
				DEVELOPMENT_TEAM = H26M8H35H6;
				ENABLE_STRICT_OBJC_MSGSEND = YES;
				ENABLE_TESTABILITY = YES;
				GCC_C_LANGUAGE_STANDARD = gnu99;
				GCC_DYNAMIC_NO_PIC = NO;
				GCC_NO_COMMON_BLOCKS = YES;
				GCC_OPTIMIZATION_LEVEL = 0;
				GCC_PREPROCESSOR_DEFINITIONS = (
					"DEBUG=1",
					"$(inherited)",
				);
				GCC_WARN_64_TO_32_BIT_CONVERSION = YES;
				GCC_WARN_ABOUT_RETURN_TYPE = YES_ERROR;
				GCC_WARN_UNDECLARED_SELECTOR = YES;
				GCC_WARN_UNINITIALIZED_AUTOS = YES_AGGRESSIVE;
				GCC_WARN_UNUSED_FUNCTION = YES;
				GCC_WARN_UNUSED_VARIABLE = YES;
				IPHONEOS_DEPLOYMENT_TARGET = 9.3;
				MTL_ENABLE_DEBUG_INFO = YES;
				ONLY_ACTIVE_ARCH = YES;
				SDKROOT = iphoneos;
				SWIFT_VERSION = 2.3;
				TARGETED_DEVICE_FAMILY = "1,2";
			};
			name = Debug;
		};
		32DAF9951D7AC02500BCABCF /* Release */ = {
			isa = XCBuildConfiguration;
			buildSettings = {
				ALWAYS_SEARCH_USER_PATHS = NO;
				CLANG_ANALYZER_NONNULL = YES;
				CLANG_CXX_LANGUAGE_STANDARD = "gnu++0x";
				CLANG_CXX_LIBRARY = "libc++";
				CLANG_ENABLE_MODULES = YES;
				CLANG_ENABLE_OBJC_ARC = YES;
				CLANG_WARN_BOOL_CONVERSION = YES;
				CLANG_WARN_CONSTANT_CONVERSION = YES;
				CLANG_WARN_DIRECT_OBJC_ISA_USAGE = YES_ERROR;
				CLANG_WARN_EMPTY_BODY = YES;
				CLANG_WARN_ENUM_CONVERSION = YES;
				CLANG_WARN_INFINITE_RECURSION = YES;
				CLANG_WARN_INT_CONVERSION = YES;
				CLANG_WARN_OBJC_ROOT_CLASS = YES_ERROR;
				CLANG_WARN_SUSPICIOUS_MOVE = YES;
				CLANG_WARN_UNREACHABLE_CODE = YES;
				CLANG_WARN__DUPLICATE_METHOD_MATCH = YES;
				"CODE_SIGN_IDENTITY[sdk=iphoneos*]" = "iPhone Distribution";
				COPY_PHASE_STRIP = NO;
				DEBUG_INFORMATION_FORMAT = "dwarf-with-dsym";
				DEVELOPMENT_TEAM = H26M8H35H6;
				ENABLE_NS_ASSERTIONS = NO;
				ENABLE_STRICT_OBJC_MSGSEND = YES;
				GCC_C_LANGUAGE_STANDARD = gnu99;
				GCC_NO_COMMON_BLOCKS = YES;
				GCC_WARN_64_TO_32_BIT_CONVERSION = YES;
				GCC_WARN_ABOUT_RETURN_TYPE = YES_ERROR;
				GCC_WARN_UNDECLARED_SELECTOR = YES;
				GCC_WARN_UNINITIALIZED_AUTOS = YES_AGGRESSIVE;
				GCC_WARN_UNUSED_FUNCTION = YES;
				GCC_WARN_UNUSED_VARIABLE = YES;
				IPHONEOS_DEPLOYMENT_TARGET = 9.3;
				MTL_ENABLE_DEBUG_INFO = NO;
				SDKROOT = iphoneos;
				SWIFT_OPTIMIZATION_LEVEL = "-Owholemodule";
				SWIFT_VERSION = 2.3;
				TARGETED_DEVICE_FAMILY = "1,2";
				VALIDATE_PRODUCT = YES;
			};
			name = Release;
		};
		32DAF9971D7AC02500BCABCF /* Debug */ = {
			isa = XCBuildConfiguration;
			baseConfigurationReference = FD222BC5BCB8A176EDEE6A8B /* Pods.debug.xcconfig */;
			buildSettings = {
				ALWAYS_EMBED_SWIFT_STANDARD_LIBRARIES = YES;
				ASSETCATALOG_COMPILER_APPICON_NAME = AppIcon;
				CLANG_ENABLE_MODULES = YES;
				"CODE_SIGN_IDENTITY[sdk=iphoneos*]" = "iPhone Developer";
				DEVELOPMENT_TEAM = H26M8H35H6;
				INFOPLIST_FILE = SapporoGo/Info.plist;
				LD_RUNPATH_SEARCH_PATHS = "$(inherited) @executable_path/Frameworks";
				PRODUCT_BUNDLE_IDENTIFIER = com.era.watanabe.sapporo.go.SapporoGo;
				PRODUCT_NAME = "$(TARGET_NAME)";
				PROVISIONING_PROFILE = "aaef1596-e495-4e9b-a9e4-feaf87297a10";
				PROVISIONING_PROFILE_SPECIFIER = sapporogo;
				SWIFT_OBJC_BRIDGING_HEADER = "SapporoGo/SapporoGo-Bridging-Header.h";
				SWIFT_OPTIMIZATION_LEVEL = "-Onone";
				SWIFT_VERSION = 2.3;
				TARGETED_DEVICE_FAMILY = 1;
			};
			name = Debug;
		};
		32DAF9981D7AC02500BCABCF /* Release */ = {
			isa = XCBuildConfiguration;
			baseConfigurationReference = 66105B7C68A80D039D8D7B0E /* Pods.release.xcconfig */;
			buildSettings = {
				ALWAYS_EMBED_SWIFT_STANDARD_LIBRARIES = YES;
				ASSETCATALOG_COMPILER_APPICON_NAME = AppIcon;
				CLANG_ENABLE_MODULES = YES;
				"CODE_SIGN_IDENTITY[sdk=iphoneos*]" = "iPhone Developer";
				DEVELOPMENT_TEAM = H26M8H35H6;
				INFOPLIST_FILE = SapporoGo/Info.plist;
				LD_RUNPATH_SEARCH_PATHS = "$(inherited) @executable_path/Frameworks";
				PRODUCT_BUNDLE_IDENTIFIER = com.era.watanabe.sapporo.go.SapporoGo;
				PRODUCT_NAME = "$(TARGET_NAME)";
				PROVISIONING_PROFILE = "aaef1596-e495-4e9b-a9e4-feaf87297a10";
				PROVISIONING_PROFILE_SPECIFIER = sapporogo;
				SWIFT_OBJC_BRIDGING_HEADER = "SapporoGo/SapporoGo-Bridging-Header.h";
				SWIFT_VERSION = 2.3;
				TARGETED_DEVICE_FAMILY = 1;
			};
			name = Release;
		};
		32DAF99A1D7AC02500BCABCF /* Debug */ = {
			isa = XCBuildConfiguration;
			buildSettings = {
				BUNDLE_LOADER = "$(TEST_HOST)";
				DEVELOPMENT_TEAM = H26M8H35H6;
				INFOPLIST_FILE = SapporoGoTests/Info.plist;
				LD_RUNPATH_SEARCH_PATHS = "$(inherited) @executable_path/Frameworks @loader_path/Frameworks";
				PRODUCT_BUNDLE_IDENTIFIER = com.era.watanabe.sapporo.go.SapporoGoTests;
				PRODUCT_NAME = "$(TARGET_NAME)";
				TEST_HOST = "$(BUILT_PRODUCTS_DIR)/SapporoGo.app/SapporoGo";
			};
			name = Debug;
		};
		32DAF99B1D7AC02500BCABCF /* Release */ = {
			isa = XCBuildConfiguration;
			buildSettings = {
				BUNDLE_LOADER = "$(TEST_HOST)";
				DEVELOPMENT_TEAM = H26M8H35H6;
				INFOPLIST_FILE = SapporoGoTests/Info.plist;
				LD_RUNPATH_SEARCH_PATHS = "$(inherited) @executable_path/Frameworks @loader_path/Frameworks";
				PRODUCT_BUNDLE_IDENTIFIER = com.era.watanabe.sapporo.go.SapporoGoTests;
				PRODUCT_NAME = "$(TARGET_NAME)";
				TEST_HOST = "$(BUILT_PRODUCTS_DIR)/SapporoGo.app/SapporoGo";
			};
			name = Release;
		};
		32DAF99D1D7AC02500BCABCF /* Debug */ = {
			isa = XCBuildConfiguration;
			buildSettings = {
				DEVELOPMENT_TEAM = H26M8H35H6;
				INFOPLIST_FILE = SapporoGoUITests/Info.plist;
				LD_RUNPATH_SEARCH_PATHS = "$(inherited) @executable_path/Frameworks @loader_path/Frameworks";
				PRODUCT_BUNDLE_IDENTIFIER = com.era.watanabe.sapporo.go.SapporoGoUITests;
				PRODUCT_NAME = "$(TARGET_NAME)";
				TEST_TARGET_NAME = SapporoGo;
			};
			name = Debug;
		};
		32DAF99E1D7AC02500BCABCF /* Release */ = {
			isa = XCBuildConfiguration;
			buildSettings = {
				DEVELOPMENT_TEAM = H26M8H35H6;
				INFOPLIST_FILE = SapporoGoUITests/Info.plist;
				LD_RUNPATH_SEARCH_PATHS = "$(inherited) @executable_path/Frameworks @loader_path/Frameworks";
				PRODUCT_BUNDLE_IDENTIFIER = com.era.watanabe.sapporo.go.SapporoGoUITests;
				PRODUCT_NAME = "$(TARGET_NAME)";
				TEST_TARGET_NAME = SapporoGo;
			};
			name = Release;
		};
/* End XCBuildConfiguration section */

/* Begin XCConfigurationList section */
		32DAF9641D7AC02400BCABCF /* Build configuration list for PBXProject "SapporoGo" */ = {
			isa = XCConfigurationList;
			buildConfigurations = (
				32DAF9941D7AC02500BCABCF /* Debug */,
				32DAF9951D7AC02500BCABCF /* Release */,
			);
			defaultConfigurationIsVisible = 0;
			defaultConfigurationName = Release;
		};
		32DAF9961D7AC02500BCABCF /* Build configuration list for PBXNativeTarget "SapporoGo" */ = {
			isa = XCConfigurationList;
			buildConfigurations = (
				32DAF9971D7AC02500BCABCF /* Debug */,
				32DAF9981D7AC02500BCABCF /* Release */,
			);
			defaultConfigurationIsVisible = 0;
			defaultConfigurationName = Release;
		};
		32DAF9991D7AC02500BCABCF /* Build configuration list for PBXNativeTarget "SapporoGoTests" */ = {
			isa = XCConfigurationList;
			buildConfigurations = (
				32DAF99A1D7AC02500BCABCF /* Debug */,
				32DAF99B1D7AC02500BCABCF /* Release */,
			);
			defaultConfigurationIsVisible = 0;
			defaultConfigurationName = Release;
		};
		32DAF99C1D7AC02500BCABCF /* Build configuration list for PBXNativeTarget "SapporoGoUITests" */ = {
			isa = XCConfigurationList;
			buildConfigurations = (
				32DAF99D1D7AC02500BCABCF /* Debug */,
				32DAF99E1D7AC02500BCABCF /* Release */,
			);
			defaultConfigurationIsVisible = 0;
			defaultConfigurationName = Release;
		};
/* End XCConfigurationList section */
	};
	rootObject = 32DAF9611D7AC02400BCABCF /* Project object */;
}
